{
  "name": "vue--wechat--cck",
  "version": "1.0.0",
  "lockfileVersion": 1,
  "requires": true,
  "dependencies": {
    "array-flatten": {
      "version": "1.1.1",
      "resolved": "http://registry.npm.taobao.org/array-flatten/download/array-flatten-1.1.1.tgz",
      "integrity": "sha1-ml9pkFGx5wczKPKgCJaLZOopVdI=",
      "dev": true
    },
    "autoprefixer": {
      "version": "7.1.2",
      "resolved": "http://registry.npm.taobao.org/autoprefixer/download/autoprefixer-7.1.2.tgz",
      "integrity": "sha1-++rwfUj9h44Ggr98vurecorbKxg=",
      "dev": true
    },
    "babel-core": {
      "version": "6.25.0",
      "resolved": "http://registry.npm.taobao.org/babel-core/download/babel-core-6.25.0.tgz",
      "integrity": "sha1-fdQrBGPHQunVKW3rPsZ6kyLa1yk=",
      "dev": true
    },
    "babel-eslint": {
      "version": "7.2.3",
      "resolved": "http://registry.npm.taobao.org/babel-eslint/download/babel-eslint-7.2.3.tgz",
      "integrity": "sha1-sv4tgBJkcPXBlELcdXJTqJdxCCc=",
      "dev": true
    },
    "babel-loader": {
      "version": "7.1.1",
      "resolved": "http://registry.npm.taobao.org/babel-loader/download/babel-loader-7.1.1.tgz",
      "integrity": "sha1-uHE0yLEuPkwqlOBUYIW8aAorhIg=",
      "dev": true
    },
    "babel-plugin-transform-runtime": {
      "version": "6.23.0",
      "resolved": "http://registry.npm.taobao.org/babel-plugin-transform-runtime/download/babel-plugin-transform-runtime-6.23.0.tgz",
      "integrity": "sha1-iEkNRGUC6puOfvsP4J7E2ZR5se4=",
      "dev": true
    },
    "babel-preset-env": {
      "version": "1.6.0",
      "resolved": "http://registry.npm.taobao.org/babel-preset-env/download/babel-preset-env-1.6.0.tgz",
      "integrity": "sha1-LeHHgqeAoKXWBdGZyVdZbaQ8ROQ=",
      "dev": true
    },
    "babel-preset-stage-2": {
      "version": "6.24.1",
      "resolved": "http://registry.npm.taobao.org/babel-preset-stage-2/download/babel-preset-stage-2-6.24.1.tgz",
      "integrity": "sha1-2eKWD7PXEYfw5k7sYrwHdnIZvcE=",
      "dev": true
    },
    "babel-register": {
      "version": "6.24.1",
      "resolved": "http://registry.npm.taobao.org/babel-register/download/babel-register-6.24.1.tgz",
      "integrity": "sha1-fhDhOi9xBlvfrVoXh7pFvKbe118=",
      "dev": true
    },
    "better-scroll": {
      "version": "0.4.0",
      "resolved": "http://registry.npm.taobao.org/better-scroll/download/better-scroll-0.4.0.tgz",
      "integrity": "sha1-80SfB6ffHB5GK6hhWKMnBx/VwGM="
    },
    "body-parser": {
      "version": "1.19.2",
      "resolved": "https://registry.npmjs.org/body-parser/-/body-parser-1.19.2.tgz",
      "integrity": "sha512-SAAwOxgoCKMGs9uUAUFHygfLAyaniaoun6I8mFY9pRAJL9+Kec34aU+oIjDhTycub1jozEfEwx1W1IuOYxVSFw==",
      "dev": true,
      "requires": {
        "bytes": "3.1.2",
        "content-type": "~1.0.4",
        "debug": "2.6.9",
        "depd": "~1.1.2",
        "http-errors": "1.8.1",
        "iconv-lite": "0.4.24",
        "on-finished": "~2.3.0",
        "qs": "6.9.7",
        "raw-body": "2.4.3",
        "type-is": "~1.6.18"
      },
      "dependencies": {
        "content-type": {
          "version": "1.0.4",
          "resolved": "https://registry.npmjs.org/content-type/-/content-type-1.0.4.tgz",
          "integrity": "sha512-hIP3EEPs8tB9AT1L+NUqtwOAps4mk2Zob89MWXMHjHWg9milF/j4osnnQLXBCBFBk/tvIG/tUc9mOUJiPBhPXA==",
          "dev": true
        },
        "debug": {
          "version": "2.6.9",
          "resolved": "https://registry.npmjs.org/debug/-/debug-2.6.9.tgz",
          "integrity": "sha512-bC7ElrdJaJnPbAP+1EotYvqZsb3ecl5wi6Bfi6BJTUcNowp6cvspg0jXznRTKDjm/E7AdgFBVeAPVMNcKGsHMA==",
          "dev": true,
          "requires": {
            "ms": "2.0.0"
          }
        },
        "depd": {
          "version": "1.1.2",
          "resolved": "https://registry.npmjs.org/depd/-/depd-1.1.2.tgz",
          "integrity": "sha512-7emPTl6Dpo6JRXOXjLRxck+FlLRX5847cLKEn00PLAgc3g2hTZZgr+e4c2v6QpSmLeFP3n5yUo7ft6avBK/5jQ==",
          "dev": true
        },
        "http-errors": {
          "version": "1.8.1",
          "resolved": "https://registry.npmjs.org/http-errors/-/http-errors-1.8.1.tgz",
          "integrity": "sha512-Kpk9Sm7NmI+RHhnj6OIWDI1d6fIoFAtFt9RLaTMRlg/8w49juAStsrBgp0Dp4OdxdVbRIeKhtCUvoi/RuAhO4g==",
          "dev": true,
          "requires": {
            "depd": "~1.1.2",
            "inherits": "2.0.4",
            "setprototypeof": "1.2.0",
            "statuses": ">= 1.5.0 < 2",
            "toidentifier": "1.0.1"
          }
        },
        "inherits": {
          "version": "2.0.4",
          "resolved": "https://registry.npmjs.org/inherits/-/inherits-2.0.4.tgz",
          "integrity": "sha512-k/vGaX4/Yla3WzyMCvTQOXYeIHvqOKtnqBduzTHpzpQZzAskKMhZ2K+EnBiSM9zGSoIFeMpXKxa4dYeZIQqewQ==",
          "dev": true
        },
        "mime-db": {
          "version": "1.52.0",
          "resolved": "https://registry.npmjs.org/mime-db/-/mime-db-1.52.0.tgz",
          "integrity": "sha512-sPU4uV7dYlvtWJxwwxHD0PuihVNiE7TyAbQ5SWxDCB9mUYvOgroQOwYQQOKPJ8CIbE+1ETVlOoK1UC2nU3gYvg==",
          "dev": true
        },
        "mime-types": {
          "version": "2.1.35",
          "resolved": "https://registry.npmjs.org/mime-types/-/mime-types-2.1.35.tgz",
          "integrity": "sha512-ZDY+bPm5zTTF+YpCrAU9nK0UgICYPT0QtT1NZWFv4s++TNkcgVaT0g6+4R2uI4MjQjzysHB1zxuWL50hzaeXiw==",
          "dev": true,
          "requires": {
            "mime-db": "1.52.0"
          }
        },
        "qs": {
          "version": "6.9.7",
          "resolved": "https://registry.npmjs.org/qs/-/qs-6.9.7.tgz",
          "integrity": "sha512-IhMFgUmuNpyRfxA90umL7ByLlgRXu6tIfKPpF5TmcfRLlLCckfP/g3IQmju6jjpu+Hh8rA+2p6A27ZSPOOHdKw==",
          "dev": true
        },
        "setprototypeof": {
          "version": "1.2.0",
          "resolved": "https://registry.npmjs.org/setprototypeof/-/setprototypeof-1.2.0.tgz",
          "integrity": "sha512-E5LDX7Wrp85Kil5bhZv46j8jOeboKq5JMmYM3gVGdGH8xFpPWXUMsNrlODCrkoxMEeNi/XZIwuRvY4XNwYMJpw==",
          "dev": true
        },
        "statuses": {
          "version": "1.5.0",
          "resolved": "https://registry.npmjs.org/statuses/-/statuses-1.5.0.tgz",
          "integrity": "sha512-OpZ3zP+jT1PI7I8nemJX4AKmAX070ZkYPVWV/AaKTJl+tXCTGyVdC1a4SL8RUQYEwk/f34ZX8UTykN68FwrqAA==",
          "dev": true
        },
        "type-is": {
          "version": "1.6.18",
          "resolved": "https://registry.npmjs.org/type-is/-/type-is-1.6.18.tgz",
          "integrity": "sha512-TkRKr9sUTxEH8MdfuCSP7VizJyzRNMjj2J2do2Jr3Kym598JVdEksuzPQCnlFPW4ky9Q+iA+ma9BGm06XQBy8g==",
          "dev": true,
          "requires": {
            "media-typer": "0.3.0",
            "mime-types": "~2.1.24"
          }
        }
      }
    },
    "bytes": {
      "version": "3.1.2",
      "resolved": "https://registry.npmjs.org/bytes/-/bytes-3.1.2.tgz",
      "integrity": "sha512-/Nf7TyzTx6S3yRJObOAV7956r8cr2+Oj8AC5dt8wSP3BQAoeX58NoHyCU8P8zGkNXStjTSi6fzO6F0pBdcYbEg==",
      "dev": true
    },
    "chalk": {
      "version": "2.1.0",
      "resolved": "http://registry.npm.taobao.org/chalk/download/chalk-2.1.0.tgz",
      "integrity": "sha1-rFvs8U+iG5nGySynp9fP1bF+dD4=",
      "dev": true
    },
    "connect-history-api-fallback": {
      "version": "1.3.0",
      "resolved": "http://registry.npm.taobao.org/connect-history-api-fallback/download/connect-history-api-fallback-1.3.0.tgz",
      "integrity": "sha1-5R0X+PDvDbkKZP20feMFFVbp8Wk=",
      "dev": true
    },
    "cookie-signature": {
      "version": "1.0.6",
      "resolved": "http://registry.npm.taobao.org/cookie-signature/download/cookie-signature-1.0.6.tgz",
      "integrity": "sha1-4wOogrNCzD7oylE6eZmXNNqzriw=",
      "dev": true
    },
    "copy-webpack-plugin": {
      "version": "4.0.1",
      "resolved": "http://registry.npm.taobao.org/copy-webpack-plugin/download/copy-webpack-plugin-4.0.1.tgz",
      "integrity": "sha1-lyjjg7lDFgUNDHRjlY8rhcCqggA=",
      "dev": true,
      "dependencies": {
        "loader-utils": {
          "version": "0.2.17",
          "resolved": "http://registry.npm.taobao.org/loader-utils/download/loader-utils-0.2.17.tgz",
          "integrity": "sha1-+G5jdNQyBabmxg6RlvF8Apm/s0g="
        }
      }
    },
    "css-loader": {
      "version": "0.28.4",
      "resolved": "http://registry.npm.taobao.org/css-loader/download/css-loader-0.28.4.tgz",
      "integrity": "sha1-bPNXkZLONV6LONX0Ldeh8uyJjQ8=",
      "dev": true,
      "dependencies": {
        "ansi-styles": {
          "version": "2.2.1",
          "resolved": "http://registry.npm.taobao.org/ansi-styles/download/ansi-styles-2.2.1.tgz",
          "integrity": "sha1-tDLdM1i2NM914eRmQ2gkBTPB3b4="
        },
        "chalk": {
          "version": "1.1.3",
          "resolved": "http://registry.npm.taobao.org/chalk/download/chalk-1.1.3.tgz",
          "integrity": "sha1-qBFcVeSnAv5NFQq9OHKCKn4J/Jg=",
          "dependencies": {
            "supports-color": {
              "version": "2.0.0",
              "resolved": "http://registry.npm.taobao.org/supports-color/download/supports-color-2.0.0.tgz",
              "integrity": "sha1-U10EXOa2Nj+kARcIRimZXp3zJMc="
            }
          }
        },
        "has-flag": {
          "version": "1.0.0",
          "resolved": "http://registry.npm.taobao.org/has-flag/download/has-flag-1.0.0.tgz",
          "integrity": "sha1-nZ55MWXOAXoA8AQYxD+UKnsdEfo="
        },
        "postcss": {
          "version": "5.2.17",
          "resolved": "http://registry.npm.taobao.org/postcss/download/postcss-5.2.17.tgz",
          "integrity": "sha1-z09Ze4ZNZcikkrLqvp1wbIecOIs="
        },
        "supports-color": {
          "version": "3.2.3",
          "resolved": "http://registry.npm.taobao.org/supports-color/download/supports-color-3.2.3.tgz",
          "integrity": "sha1-ZawFBLOVQXHYpklGsq48u4pfVPY="
        }
      }
    },
    "cssnano": {
      "version": "3.10.0",
      "resolved": "http://registry.npm.taobao.org/cssnano/download/cssnano-3.10.0.tgz",
      "integrity": "sha1-Tzj2zqK5sX+gFJDyPx3GjqZcHDg=",
      "dev": true,
      "dependencies": {
        "ansi-styles": {
          "version": "2.2.1",
          "resolved": "http://registry.npm.taobao.org/ansi-styles/download/ansi-styles-2.2.1.tgz",
          "integrity": "sha1-tDLdM1i2NM914eRmQ2gkBTPB3b4="
        },
        "autoprefixer": {
          "version": "6.7.7",
          "resolved": "http://registry.npm.taobao.org/autoprefixer/download/autoprefixer-6.7.7.tgz",
          "integrity": "sha1-Hb0cg1ZY41zj+ZhAmdsAWFx4IBQ="
        },
        "browserslist": {
          "version": "1.7.7",
          "resolved": "http://registry.npm.taobao.org/browserslist/download/browserslist-1.7.7.tgz",
          "integrity": "sha1-C9dnBCWL6CmyOYu1Dkti0aFmsLk="
        },
        "chalk": {
          "version": "1.1.3",
          "resolved": "http://registry.npm.taobao.org/chalk/download/chalk-1.1.3.tgz",
          "integrity": "sha1-qBFcVeSnAv5NFQq9OHKCKn4J/Jg=",
          "dependencies": {
            "supports-color": {
              "version": "2.0.0",
              "resolved": "http://registry.npm.taobao.org/supports-color/download/supports-color-2.0.0.tgz",
              "integrity": "sha1-U10EXOa2Nj+kARcIRimZXp3zJMc="
            }
          }
        },
        "has-flag": {
          "version": "1.0.0",
          "resolved": "http://registry.npm.taobao.org/has-flag/download/has-flag-1.0.0.tgz",
          "integrity": "sha1-nZ55MWXOAXoA8AQYxD+UKnsdEfo="
        },
        "postcss": {
          "version": "5.2.17",
          "resolved": "http://registry.npm.taobao.org/postcss/download/postcss-5.2.17.tgz",
          "integrity": "sha1-z09Ze4ZNZcikkrLqvp1wbIecOIs="
        },
        "supports-color": {
          "version": "3.2.3",
          "resolved": "http://registry.npm.taobao.org/supports-color/download/supports-color-3.2.3.tgz",
          "integrity": "sha1-ZawFBLOVQXHYpklGsq48u4pfVPY="
        }
      }
    },
    "destroy": {
      "version": "1.0.4",
      "resolved": "http://registry.npm.taobao.org/destroy/download/destroy-1.0.4.tgz",
      "integrity": "sha1-l4hXRCxEdJ5CBmE+N5RiBYJqvYA=",
      "dev": true
    },
    "escape-html": {
      "version": "1.0.3",
      "resolved": "http://registry.npm.taobao.org/escape-html/download/escape-html-1.0.3.tgz",
      "integrity": "sha1-Aljq5NPQwJdN4cFpGI7wBR0dGYg=",
      "dev": true
    },
    "eslint": {
      "version": "3.19.0",
      "resolved": "http://registry.npm.taobao.org/eslint/download/eslint-3.19.0.tgz",
      "integrity": "sha1-yPxiAcf0DdCJQbh8CFdnOGpnmsw=",
      "dev": true,
      "dependencies": {
        "ansi-styles": {
          "version": "2.2.1",
          "resolved": "http://registry.npm.taobao.org/ansi-styles/download/ansi-styles-2.2.1.tgz",
          "integrity": "sha1-tDLdM1i2NM914eRmQ2gkBTPB3b4="
        },
        "chalk": {
          "version": "1.1.3",
          "resolved": "http://registry.npm.taobao.org/chalk/download/chalk-1.1.3.tgz",
          "integrity": "sha1-qBFcVeSnAv5NFQq9OHKCKn4J/Jg="
        },
        "glob": {
          "version": "7.1.2",
          "resolved": "http://registry.npm.taobao.org/glob/download/glob-7.1.2.tgz",
          "integrity": "sha1-wZyd+aAocC1nhhI4SmVSQExjbRU="
        },
        "supports-color": {
          "version": "2.0.0",
          "resolved": "http://registry.npm.taobao.org/supports-color/download/supports-color-2.0.0.tgz",
          "integrity": "sha1-U10EXOa2Nj+kARcIRimZXp3zJMc="
        }
      }
    },
    "eslint-config-standard": {
      "version": "6.2.1",
      "resolved": "http://registry.npm.taobao.org/eslint-config-standard/download/eslint-config-standard-6.2.1.tgz",
      "integrity": "sha1-06aKr8cZFjnn7kQec0hzkCY1QpI=",
      "dev": true
    },
    "eslint-friendly-formatter": {
      "version": "3.0.0",
      "resolved": "http://registry.npm.taobao.org/eslint-friendly-formatter/download/eslint-friendly-formatter-3.0.0.tgz",
      "integrity": "sha1-J4h0Q1psRuwdlPoLH/SU4w7wQpA=",
      "dev": true,
      "dependencies": {
        "ansi-styles": {
          "version": "2.2.1",
          "resolved": "http://registry.npm.taobao.org/ansi-styles/download/ansi-styles-2.2.1.tgz",
          "integrity": "sha1-tDLdM1i2NM914eRmQ2gkBTPB3b4="
        },
        "chalk": {
          "version": "1.1.3",
          "resolved": "http://registry.npm.taobao.org/chalk/download/chalk-1.1.3.tgz",
          "integrity": "sha1-qBFcVeSnAv5NFQq9OHKCKn4J/Jg="
        },
        "minimist": {
          "version": "1.2.0",
          "resolved": "http://registry.npm.taobao.org/minimist/download/minimist-1.2.0.tgz",
          "integrity": "sha1-o1AIsg9BOD7sH7kU9M1d95omQoQ="
        },
        "supports-color": {
          "version": "2.0.0",
          "resolved": "http://registry.npm.taobao.org/supports-color/download/supports-color-2.0.0.tgz",
          "integrity": "sha1-U10EXOa2Nj+kARcIRimZXp3zJMc="
        }
      }
    },
    "eslint-loader": {
      "version": "1.9.0",
      "resolved": "http://registry.npm.taobao.org/eslint-loader/download/eslint-loader-1.9.0.tgz",
      "integrity": "sha1-fhvp/t3KMo09z67xrUnVvv/oOhM=",
      "dev": true
    },
    "eslint-plugin-html": {
      "version": "3.2.0",
      "resolved": "http://registry.npm.taobao.org/eslint-plugin-html/download/eslint-plugin-html-3.2.0.tgz",
      "integrity": "sha1-+2TCeJ6Vgrl/WAo4gUpXlm+Rp7I=",
      "dev": true
    },
    "eslint-plugin-promise": {
      "version": "3.5.0",
      "resolved": "http://registry.npm.taobao.org/eslint-plugin-promise/download/eslint-plugin-promise-3.5.0.tgz",
      "integrity": "sha1-ePu2/+BHIBYnVp6FpsU3OvKmj8o=",
      "dev": true
    },
    "eslint-plugin-standard": {
      "version": "2.3.1",
      "resolved": "http://registry.npm.taobao.org/eslint-plugin-standard/download/eslint-plugin-standard-2.3.1.tgz",
      "integrity": "sha1-Z2W9Km2ezce98bFFrkuzDit7hvg=",
      "dev": true
    },
    "eventsource-polyfill": {
      "version": "0.9.6",
      "resolved": "http://registry.npm.taobao.org/eventsource-polyfill/download/eventsource-polyfill-0.9.6.tgz",
      "integrity": "sha1-EODRh/ERsWfyj9q5GIQ859gY8Tw=",
      "dev": true
    },
    "express": {
      "version": "4.17.3",
      "resolved": "https://registry.npmjs.org/express/-/express-4.17.3.tgz",
      "integrity": "sha512-yuSQpz5I+Ch7gFrPCk4/c+dIBKlQUxtgwqzph132bsT6qhuzss6I8cLJQz7B3rFblzd6wtcI0ZbGltH/C4LjUg==",
      "dev": true,
      "requires": {
        "accepts": "~1.3.8",
        "array-flatten": "1.1.1",
        "body-parser": "1.19.2",
        "content-disposition": "0.5.4",
        "content-type": "~1.0.4",
        "cookie": "0.4.2",
        "cookie-signature": "1.0.6",
        "debug": "2.6.9",
        "depd": "~1.1.2",
        "encodeurl": "~1.0.2",
        "escape-html": "~1.0.3",
        "etag": "~1.8.1",
        "finalhandler": "~1.1.2",
        "fresh": "0.5.2",
        "merge-descriptors": "1.0.1",
        "methods": "~1.1.2",
        "on-finished": "~2.3.0",
        "parseurl": "~1.3.3",
        "path-to-regexp": "0.1.7",
        "proxy-addr": "~2.0.7",
        "qs": "6.9.7",
        "range-parser": "~1.2.1",
        "safe-buffer": "5.2.1",
        "send": "0.17.2",
        "serve-static": "1.14.2",
        "setprototypeof": "1.2.0",
        "statuses": "~1.5.0",
        "type-is": "~1.6.18",
        "utils-merge": "1.0.1",
        "vary": "~1.1.2"
      },
      "dependencies": {
        "accepts": {
          "version": "1.3.8",
          "resolved": "https://registry.npmjs.org/accepts/-/accepts-1.3.8.tgz",
          "integrity": "sha512-PYAthTa2m2VKxuvSD3DPC/Gy+U+sOA1LAuT8mkmRuvw+NACSaeXEQ+NHcVF7rONl6qcaxV3Uuemwawk+7+SJLw==",
          "dev": true,
          "requires": {
            "mime-types": "~2.1.34",
            "negotiator": "0.6.3"
          }
        },
        "content-disposition": {
          "version": "0.5.4",
          "resolved": "https://registry.npmjs.org/content-disposition/-/content-disposition-0.5.4.tgz",
          "integrity": "sha512-FveZTNuGw04cxlAiWbzi6zTAL/lhehaWbTtgluJh4/E95DqMwTmha3KZN1aAWA8cFIhHzMZUvLevkw5Rqk+tSQ==",
          "dev": true,
          "requires": {
            "safe-buffer": "5.2.1"
          }
        },
        "content-type": {
          "version": "1.0.4",
          "resolved": "https://registry.npmjs.org/content-type/-/content-type-1.0.4.tgz",
          "integrity": "sha512-hIP3EEPs8tB9AT1L+NUqtwOAps4mk2Zob89MWXMHjHWg9milF/j4osnnQLXBCBFBk/tvIG/tUc9mOUJiPBhPXA==",
          "dev": true
        },
        "cookie": {
          "version": "0.4.2",
          "resolved": "https://registry.npmjs.org/cookie/-/cookie-0.4.2.tgz",
          "integrity": "sha512-aSWTXFzaKWkvHO1Ny/s+ePFpvKsPnjc551iI41v3ny/ow6tBG5Vd+FuqGNhh1LxOmVzOlGUriIlOaokOvhaStA==",
          "dev": true
        },
        "debug": {
          "version": "2.6.9",
          "resolved": "https://registry.npmjs.org/debug/-/debug-2.6.9.tgz",
          "integrity": "sha512-bC7ElrdJaJnPbAP+1EotYvqZsb3ecl5wi6Bfi6BJTUcNowp6cvspg0jXznRTKDjm/E7AdgFBVeAPVMNcKGsHMA==",
          "dev": true,
          "requires": {
            "ms": "2.0.0"
          }
        },
        "depd": {
          "version": "1.1.2",
          "resolved": "https://registry.npmjs.org/depd/-/depd-1.1.2.tgz",
          "integrity": "sha512-7emPTl6Dpo6JRXOXjLRxck+FlLRX5847cLKEn00PLAgc3g2hTZZgr+e4c2v6QpSmLeFP3n5yUo7ft6avBK/5jQ==",
          "dev": true
        },
        "encodeurl": {
          "version": "1.0.2",
          "resolved": "https://registry.npmjs.org/encodeurl/-/encodeurl-1.0.2.tgz",
          "integrity": "sha512-TPJXq8JqFaVYm2CWmPvnP2Iyo4ZSM7/QKcSmuMLDObfpH5fi7RUGmd/rTDf+rut/saiDiQEeVTNgAmJEdAOx0w==",
          "dev": true
        },
        "etag": {
          "version": "1.8.1",
          "resolved": "https://registry.npmjs.org/etag/-/etag-1.8.1.tgz",
          "integrity": "sha512-aIL5Fx7mawVa300al2BnEE4iNvo1qETxLrPI/o05L7z6go7fCw1J6EQmbK4FmJ2AS7kgVF/KEZWufBfdClMcPg==",
          "dev": true
        },
        "finalhandler": {
          "version": "1.1.2",
          "resolved": "https://registry.npmjs.org/finalhandler/-/finalhandler-1.1.2.tgz",
          "integrity": "sha512-aAWcW57uxVNrQZqFXjITpW3sIUQmHGG3qSb9mUah9MgMC4NeWhNOlNjXEYq3HjRAvL6arUviZGGJsBg6z0zsWA==",
          "dev": true,
          "requires": {
            "debug": "2.6.9",
            "encodeurl": "~1.0.2",
            "escape-html": "~1.0.3",
            "on-finished": "~2.3.0",
            "parseurl": "~1.3.3",
            "statuses": "~1.5.0",
            "unpipe": "~1.0.0"
          }
        },
        "forwarded": {
          "version": "0.2.0",
          "resolved": "https://registry.npmjs.org/forwarded/-/forwarded-0.2.0.tgz",
          "integrity": "sha512-buRG0fpBtRHSTCOASe6hD258tEubFoRLb4ZNA6NxMVHNw2gOcwHo9wyablzMzOA5z9xA9L1KNjk/Nt6MT9aYow==",
          "dev": true
        },
        "fresh": {
          "version": "0.5.2",
          "resolved": "https://registry.npmjs.org/fresh/-/fresh-0.5.2.tgz",
          "integrity": "sha512-zJ2mQYM18rEFOudeV4GShTGIQ7RbzA7ozbU9I/XBpm7kqgMywgmylMwXHxZJmkVoYkna9d2pVXVXPdYTP9ej8Q==",
          "dev": true
        },
        "http-errors": {
          "version": "1.8.1",
          "resolved": "https://registry.npmjs.org/http-errors/-/http-errors-1.8.1.tgz",
          "integrity": "sha512-Kpk9Sm7NmI+RHhnj6OIWDI1d6fIoFAtFt9RLaTMRlg/8w49juAStsrBgp0Dp4OdxdVbRIeKhtCUvoi/RuAhO4g==",
          "dev": true,
          "requires": {
            "depd": "~1.1.2",
            "inherits": "2.0.4",
            "setprototypeof": "1.2.0",
            "statuses": ">= 1.5.0 < 2",
            "toidentifier": "1.0.1"
          }
        },
        "inherits": {
          "version": "2.0.4",
          "resolved": "https://registry.npmjs.org/inherits/-/inherits-2.0.4.tgz",
          "integrity": "sha512-k/vGaX4/Yla3WzyMCvTQOXYeIHvqOKtnqBduzTHpzpQZzAskKMhZ2K+EnBiSM9zGSoIFeMpXKxa4dYeZIQqewQ==",
          "dev": true
        },
        "ipaddr.js": {
          "version": "1.9.1",
          "resolved": "https://registry.npmjs.org/ipaddr.js/-/ipaddr.js-1.9.1.tgz",
          "integrity": "sha512-0KI/607xoxSToH7GjN1FfSbLoU0+btTicjsQSWQlh/hZykN8KpmMf7uYwPW3R+akZ6R/w18ZlXSHBYXiYUPO3g==",
          "dev": true
        },
        "mime": {
          "version": "1.6.0",
          "resolved": "https://registry.npmjs.org/mime/-/mime-1.6.0.tgz",
          "integrity": "sha512-x0Vn8spI+wuJ1O6S7gnbaQg8Pxh4NNHb7KSINmEWKiPE4RKOplvijn+NkmYmmRgP68mc70j2EbeTFRsrswaQeg==",
          "dev": true
        },
        "mime-db": {
          "version": "1.52.0",
          "resolved": "https://registry.npmjs.org/mime-db/-/mime-db-1.52.0.tgz",
          "integrity": "sha512-sPU4uV7dYlvtWJxwwxHD0PuihVNiE7TyAbQ5SWxDCB9mUYvOgroQOwYQQOKPJ8CIbE+1ETVlOoK1UC2nU3gYvg==",
          "dev": true
        },
        "mime-types": {
          "version": "2.1.35",
          "resolved": "https://registry.npmjs.org/mime-types/-/mime-types-2.1.35.tgz",
          "integrity": "sha512-ZDY+bPm5zTTF+YpCrAU9nK0UgICYPT0QtT1NZWFv4s++TNkcgVaT0g6+4R2uI4MjQjzysHB1zxuWL50hzaeXiw==",
          "dev": true,
          "requires": {
            "mime-db": "1.52.0"
          }
        },
        "negotiator": {
          "version": "0.6.3",
          "resolved": "https://registry.npmjs.org/negotiator/-/negotiator-0.6.3.tgz",
          "integrity": "sha512-+EUsqGPLsM+j/zdChZjsnX51g4XrHFOIXwfnCVPGlQk/k5giakcKsuxCObBRu6DSm9opw/O6slWbJdghQM4bBg==",
          "dev": true
        },
        "parseurl": {
          "version": "1.3.3",
          "resolved": "https://registry.npmjs.org/parseurl/-/parseurl-1.3.3.tgz",
          "integrity": "sha512-CiyeOxFT/JZyN5m0z9PfXw4SCBJ6Sygz1Dpl0wqjlhDEGGBP1GnsUVEL0p63hoG1fcj3fHynXi9NYO4nWOL+qQ==",
          "dev": true
        },
        "proxy-addr": {
          "version": "2.0.7",
          "resolved": "https://registry.npmjs.org/proxy-addr/-/proxy-addr-2.0.7.tgz",
          "integrity": "sha512-llQsMLSUDUPT44jdrU/O37qlnifitDP+ZwrmmZcoSKyLKvtZxpyV0n2/bD/N4tBAAZ/gJEdZU7KMraoK1+XYAg==",
          "dev": true,
          "requires": {
            "forwarded": "0.2.0",
            "ipaddr.js": "1.9.1"
          }
        },
        "qs": {
          "version": "6.9.7",
          "resolved": "https://registry.npmjs.org/qs/-/qs-6.9.7.tgz",
          "integrity": "sha512-IhMFgUmuNpyRfxA90umL7ByLlgRXu6tIfKPpF5TmcfRLlLCckfP/g3IQmju6jjpu+Hh8rA+2p6A27ZSPOOHdKw==",
          "dev": true
        },
        "range-parser": {
          "version": "1.2.1",
          "resolved": "https://registry.npmjs.org/range-parser/-/range-parser-1.2.1.tgz",
          "integrity": "sha512-Hrgsx+orqoygnmhFbKaHE6c296J+HTAQXoxEF6gNupROmmGJRoyzfG3ccAveqCBrwr/2yxQ5BVd/GTl5agOwSg==",
          "dev": true
        },
        "safe-buffer": {
          "version": "5.2.1",
          "resolved": "https://registry.npmjs.org/safe-buffer/-/safe-buffer-5.2.1.tgz",
          "integrity": "sha512-rp3So07KcdmmKbGvgaNxQSJr7bGVSVk5S9Eq1F+ppbRo70+YeaDxkw5Dd8NPN+GD6bjnYm2VuPuCXmpuYvmCXQ==",
          "dev": true
        },
        "send": {
          "version": "0.17.2",
          "resolved": "https://registry.npmjs.org/send/-/send-0.17.2.tgz",
          "integrity": "sha512-UJYB6wFSJE3G00nEivR5rgWp8c2xXvJ3OPWPhmuteU0IKj8nKbG3DrjiOmLwpnHGYWAVwA69zmTm++YG0Hmwww==",
          "dev": true,
          "requires": {
            "debug": "2.6.9",
            "depd": "~1.1.2",
            "destroy": "~1.0.4",
            "encodeurl": "~1.0.2",
            "escape-html": "~1.0.3",
            "etag": "~1.8.1",
            "fresh": "0.5.2",
            "http-errors": "1.8.1",
            "mime": "1.6.0",
            "ms": "2.1.3",
            "on-finished": "~2.3.0",
            "range-parser": "~1.2.1",
            "statuses": "~1.5.0"
          },
          "dependencies": {
            "ms": {
              "version": "2.1.3",
              "resolved": "https://registry.npmjs.org/ms/-/ms-2.1.3.tgz",
              "integrity": "sha512-6FlzubTLZG3J2a/NVCAleEhjzq5oxgHyaCU9yYXvcLsvoVaHJq/s5xXI6/XXP6tz7R9xAOtHnSO/tXtF3WRTlA==",
              "dev": true
            }
          }
        },
        "serve-static": {
          "version": "1.14.2",
          "resolved": "https://registry.npmjs.org/serve-static/-/serve-static-1.14.2.tgz",
          "integrity": "sha512-+TMNA9AFxUEGuC0z2mevogSnn9MXKb4fa7ngeRMJaaGv8vTwnIEkKi+QGvPt33HSnf8pRS+WGM0EbMtCJLKMBQ==",
          "dev": true,
          "requires": {
            "encodeurl": "~1.0.2",
            "escape-html": "~1.0.3",
            "parseurl": "~1.3.3",
            "send": "0.17.2"
          }
        },
        "setprototypeof": {
          "version": "1.2.0",
          "resolved": "https://registry.npmjs.org/setprototypeof/-/setprototypeof-1.2.0.tgz",
          "integrity": "sha512-E5LDX7Wrp85Kil5bhZv46j8jOeboKq5JMmYM3gVGdGH8xFpPWXUMsNrlODCrkoxMEeNi/XZIwuRvY4XNwYMJpw==",
          "dev": true
        },
        "statuses": {
          "version": "1.5.0",
          "resolved": "https://registry.npmjs.org/statuses/-/statuses-1.5.0.tgz",
          "integrity": "sha512-OpZ3zP+jT1PI7I8nemJX4AKmAX070ZkYPVWV/AaKTJl+tXCTGyVdC1a4SL8RUQYEwk/f34ZX8UTykN68FwrqAA==",
          "dev": true
        },
        "type-is": {
          "version": "1.6.18",
          "resolved": "https://registry.npmjs.org/type-is/-/type-is-1.6.18.tgz",
          "integrity": "sha512-TkRKr9sUTxEH8MdfuCSP7VizJyzRNMjj2J2do2Jr3Kym598JVdEksuzPQCnlFPW4ky9Q+iA+ma9BGm06XQBy8g==",
          "dev": true,
          "requires": {
            "media-typer": "0.3.0",
            "mime-types": "~2.1.24"
          }
        },
        "utils-merge": {
          "version": "1.0.1",
          "resolved": "https://registry.npmjs.org/utils-merge/-/utils-merge-1.0.1.tgz",
          "integrity": "sha512-pMZTvIkT1d+TFGvDOqodOclx0QWkkgi6Tdoa8gC8ffGAAqz9pzPTZWAybbsHHoED/ztMtkv/VoYTYyShUn81hA==",
          "dev": true
        },
        "vary": {
          "version": "1.1.2",
          "resolved": "https://registry.npmjs.org/vary/-/vary-1.1.2.tgz",
          "integrity": "sha512-BNGbWLfd0eUPabhkXUVm0j8uuvREyTh5ovRa/dyow/BqAbZJyC+5fU+IzQOzmAKzYqYRAISoRhdQr3eIZ/PXqg==",
          "dev": true
        }
      }
    },
    "extract-text-webpack-plugin": {
      "version": "2.1.2",
      "resolved": "http://registry.npm.taobao.org/extract-text-webpack-plugin/download/extract-text-webpack-plugin-2.1.2.tgz",
      "integrity": "sha1-dW7076gVXDaBgz+8NNpTuUF0bWw=",
      "dev": true
    },
    "file-loader": {
      "version": "0.11.2",
      "resolved": "http://registry.npm.taobao.org/file-loader/download/file-loader-0.11.2.tgz",
      "integrity": "sha1-T/HfKK84cZpgmAk7iMgscdF5SjQ=",
      "dev": true
    },
    "friendly-errors-webpack-plugin": {
      "version": "1.6.1",
      "resolved": "http://registry.npm.taobao.org/friendly-errors-webpack-plugin/download/friendly-errors-webpack-plugin-1.6.1.tgz",
      "integrity": "sha1-4yeBxHIvVGoGqbXXp8+ihSA3XXA=",
      "dev": true,
      "dependencies": {
        "ansi-styles": {
          "version": "2.2.1",
          "resolved": "http://registry.npm.taobao.org/ansi-styles/download/ansi-styles-2.2.1.tgz",
          "integrity": "sha1-tDLdM1i2NM914eRmQ2gkBTPB3b4="
        },
        "chalk": {
          "version": "1.1.3",
          "resolved": "http://registry.npm.taobao.org/chalk/download/chalk-1.1.3.tgz",
          "integrity": "sha1-qBFcVeSnAv5NFQq9OHKCKn4J/Jg="
        },
        "supports-color": {
          "version": "2.0.0",
          "resolved": "http://registry.npm.taobao.org/supports-color/download/supports-color-2.0.0.tgz",
          "integrity": "sha1-U10EXOa2Nj+kARcIRimZXp3zJMc="
        }
      }
    },
    "html-webpack-plugin": {
      "version": "2.30.1",
      "resolved": "http://registry.npm.taobao.org/html-webpack-plugin/download/html-webpack-plugin-2.30.1.tgz",
      "integrity": "sha1-f5xCG36pHsRg9WUn1430hO51N9U=",
      "dev": true,
      "dependencies": {
        "bluebird": {
          "version": "3.5.0",
          "resolved": "http://registry.npm.taobao.org/bluebird/download/bluebird-3.5.0.tgz",
          "integrity": "sha1-eRQg1/VR7qKJdFOop3ZT+WYG1nw="
        },
        "loader-utils": {
          "version": "0.2.17",
          "resolved": "http://registry.npm.taobao.org/loader-utils/download/loader-utils-0.2.17.tgz",
          "integrity": "sha1-+G5jdNQyBabmxg6RlvF8Apm/s0g="
        }
      }
    },
    "http-proxy-middleware": {
      "version": "0.17.4",
      "resolved": "http://registry.npm.taobao.org/http-proxy-middleware/download/http-proxy-middleware-0.17.4.tgz",
      "integrity": "sha1-ZC6ISIUdZvCdTxJJEoRtuutBuDM=",
      "dev": true
    },
    "iconv-lite": {
      "version": "0.4.24",
      "resolved": "https://registry.npmjs.org/iconv-lite/-/iconv-lite-0.4.24.tgz",
      "integrity": "sha512-v3MXnZAcvnywkTUEZomIActle7RXXeedOR31wwl7VlyoXO4Qi9arvSenNQWne1TcRwhCL1HwLI21bEqdpj8/rA==",
      "dev": true,
      "requires": {
        "safer-buffer": ">= 2.1.2 < 3"
      }
    },
    "media-typer": {
      "version": "0.3.0",
      "resolved": "http://registry.npm.taobao.org/media-typer/download/media-typer-0.3.0.tgz",
      "integrity": "sha1-hxDXrwqmJvj/+hzgAWhUUmMlV0g=",
      "dev": true
    },
    "merge-descriptors": {
      "version": "1.0.1",
      "resolved": "http://registry.npm.taobao.org/merge-descriptors/download/merge-descriptors-1.0.1.tgz",
      "integrity": "sha1-sAqqVW3YtEVoFQ7J0blT8/kMu2E=",
      "dev": true
    },
    "methods": {
      "version": "1.1.2",
      "resolved": "http://registry.npm.taobao.org/methods/download/methods-1.1.2.tgz",
      "integrity": "sha1-VSmk1nZUE07cxSZmVoNbD4Ua/O4=",
      "dev": true
    },
    "mint-ui": {
      "version": "2.2.9",
      "resolved": "https://registry.npmjs.org/mint-ui/-/mint-ui-2.2.9.tgz",
      "integrity": "sha512-Cmb6GRICB+QaEUrTbe5ktVuHcS4hT11e3Mc1v8ud1f1Mg/HAPaTp3SjXX0IDMuD/rU2q++7mWwUAedWf9MS+8Q=="
    },
    "ms": {
      "version": "2.0.0",
      "resolved": "http://registry.npm.taobao.org/ms/download/ms-2.0.0.tgz",
      "integrity": "sha1-VgiurfwAvmwpAd9fmGF4jeDVl8g=",
      "dev": true
    },
    "on-finished": {
      "version": "2.3.0",
      "resolved": "http://registry.npm.taobao.org/on-finished/download/on-finished-2.3.0.tgz",
      "integrity": "sha1-IPEzZIGwg811M3mSoWlxqi2QaUc=",
      "dev": true
    },
    "opn": {
      "version": "5.1.0",
      "resolved": "http://registry.npm.taobao.org/opn/download/opn-5.1.0.tgz",
      "integrity": "sha1-cs4jBqF9vqWP8QQYUzUrSo/HdRk=",
      "dev": true
    },
    "optimize-css-assets-webpack-plugin": {
      "version": "2.0.0",
      "resolved": "http://registry.npm.taobao.org/optimize-css-assets-webpack-plugin/download/optimize-css-assets-webpack-plugin-2.0.0.tgz",
      "integrity": "sha1-UcrnEjDskaTBV2SXFeR0mODLRgs=",
      "dev": true,
      "dependencies": {
        "webpack-sources": {
          "version": "0.1.5",
          "resolved": "http://registry.npm.taobao.org/webpack-sources/download/webpack-sources-0.1.5.tgz",
          "integrity": "sha1-qh86vw8NdNtxEcQOUAuE+WZkB1A="
        }
      }
    },
    "ora": {
      "version": "1.3.0",
      "resolved": "http://registry.npm.taobao.org/ora/download/ora-1.3.0.tgz",
      "integrity": "sha1-gAeN0rkqk0r2ajrXKluRBpTt5Ro=",
      "dev": true,
      "dependencies": {
        "ansi-styles": {
          "version": "2.2.1",
          "resolved": "http://registry.npm.taobao.org/ansi-styles/download/ansi-styles-2.2.1.tgz",
          "integrity": "sha1-tDLdM1i2NM914eRmQ2gkBTPB3b4="
        },
        "chalk": {
          "version": "1.1.3",
          "resolved": "http://registry.npm.taobao.org/chalk/download/chalk-1.1.3.tgz",
          "integrity": "sha1-qBFcVeSnAv5NFQq9OHKCKn4J/Jg="
        },
        "cli-cursor": {
          "version": "2.1.0",
          "resolved": "http://registry.npm.taobao.org/cli-cursor/download/cli-cursor-2.1.0.tgz",
          "integrity": "sha1-s12sN2R5+sw+lHR9QdDQ9SOP/LU="
        },
        "onetime": {
          "version": "2.0.1",
          "resolved": "http://registry.npm.taobao.org/onetime/download/onetime-2.0.1.tgz",
          "integrity": "sha1-BnQoIw/WdEOyeUsiu6UotoZ5YtQ="
        },
        "restore-cursor": {
          "version": "2.0.0",
          "resolved": "http://registry.npm.taobao.org/restore-cursor/download/restore-cursor-2.0.0.tgz",
          "integrity": "sha1-n37ih/gv0ybU/RYpI9YhKe7g368="
        },
        "supports-color": {
          "version": "2.0.0",
          "resolved": "http://registry.npm.taobao.org/supports-color/download/supports-color-2.0.0.tgz",
          "integrity": "sha1-U10EXOa2Nj+kARcIRimZXp3zJMc="
        }
      }
    },
    "path-to-regexp": {
      "version": "0.1.7",
      "resolved": "http://registry.npm.taobao.org/path-to-regexp/download/path-to-regexp-0.1.7.tgz",
      "integrity": "sha1-32BBeABfUi8V60SQ5yR6G/qmf4w=",
      "dev": true
    },
    "raw-body": {
      "version": "2.4.3",
      "resolved": "https://registry.npmjs.org/raw-body/-/raw-body-2.4.3.tgz",
      "integrity": "sha512-UlTNLIcu0uzb4D2f4WltY6cVjLi+/jEN4lgEUj3E04tpMDpUlkBo/eSn6zou9hum2VMNpCCUone0O0WeJim07g==",
      "dev": true,
      "requires": {
        "bytes": "3.1.2",
        "http-errors": "1.8.1",
        "iconv-lite": "0.4.24",
        "unpipe": "1.0.0"
      },
      "dependencies": {
        "depd": {
          "version": "1.1.2",
          "resolved": "https://registry.npmjs.org/depd/-/depd-1.1.2.tgz",
          "integrity": "sha512-7emPTl6Dpo6JRXOXjLRxck+FlLRX5847cLKEn00PLAgc3g2hTZZgr+e4c2v6QpSmLeFP3n5yUo7ft6avBK/5jQ==",
          "dev": true
        },
        "http-errors": {
          "version": "1.8.1",
          "resolved": "https://registry.npmjs.org/http-errors/-/http-errors-1.8.1.tgz",
          "integrity": "sha512-Kpk9Sm7NmI+RHhnj6OIWDI1d6fIoFAtFt9RLaTMRlg/8w49juAStsrBgp0Dp4OdxdVbRIeKhtCUvoi/RuAhO4g==",
          "dev": true,
          "requires": {
            "depd": "~1.1.2",
            "inherits": "2.0.4",
            "setprototypeof": "1.2.0",
            "statuses": ">= 1.5.0 < 2",
            "toidentifier": "1.0.1"
          }
        },
        "inherits": {
          "version": "2.0.4",
          "resolved": "https://registry.npmjs.org/inherits/-/inherits-2.0.4.tgz",
          "integrity": "sha512-k/vGaX4/Yla3WzyMCvTQOXYeIHvqOKtnqBduzTHpzpQZzAskKMhZ2K+EnBiSM9zGSoIFeMpXKxa4dYeZIQqewQ==",
          "dev": true
        },
        "setprototypeof": {
          "version": "1.2.0",
          "resolved": "https://registry.npmjs.org/setprototypeof/-/setprototypeof-1.2.0.tgz",
          "integrity": "sha512-E5LDX7Wrp85Kil5bhZv46j8jOeboKq5JMmYM3gVGdGH8xFpPWXUMsNrlODCrkoxMEeNi/XZIwuRvY4XNwYMJpw==",
          "dev": true
        },
        "statuses": {
          "version": "1.5.0",
          "resolved": "https://registry.npmjs.org/statuses/-/statuses-1.5.0.tgz",
          "integrity": "sha512-OpZ3zP+jT1PI7I8nemJX4AKmAX070ZkYPVWV/AaKTJl+tXCTGyVdC1a4SL8RUQYEwk/f34ZX8UTykN68FwrqAA==",
          "dev": true
        }
      }
    },
    "rimraf": {
      "version": "2.6.1",
      "resolved": "http://registry.npm.taobao.org/rimraf/download/rimraf-2.6.1.tgz",
      "integrity": "sha1-wjOOxkPfeht/5cVPqG9XQopV8z0=",
      "dev": true,
      "dependencies": {
        "glob": {
          "version": "7.1.2",
          "resolved": "http://registry.npm.taobao.org/glob/download/glob-7.1.2.tgz",
          "integrity": "sha1-wZyd+aAocC1nhhI4SmVSQExjbRU="
        }
      }
    },
    "safer-buffer": {
      "version": "2.1.2",
      "resolved": "https://registry.npmjs.org/safer-buffer/-/safer-buffer-2.1.2.tgz",
      "integrity": "sha512-YZo3K82SD7Riyi0E1EQPojLz7kpepnSQI9IyPbHHg1XXXevb5dJI7tpyN2ADxGcQbHG7vcyRHk0cbwqcQriUtg==",
      "dev": true
    },
    "semver": {
      "version": "5.4.1",
      "resolved": "http://registry.npm.taobao.org/semver/download/semver-5.4.1.tgz",
      "integrity": "sha1-4FnAnYVx8FQII3M0M1BdOi8AsY4=",
      "dev": true
    },
    "shelljs": {
      "version": "0.7.8",
      "resolved": "http://registry.npm.taobao.org/shelljs/download/shelljs-0.7.8.tgz",
      "integrity": "sha1-3svPh0sNHl+3LhSxZKloMEjprLM=",
      "dev": true,
      "dependencies": {
        "glob": {
          "version": "7.1.2",
          "resolved": "http://registry.npm.taobao.org/glob/download/glob-7.1.2.tgz",
          "integrity": "sha1-wZyd+aAocC1nhhI4SmVSQExjbRU="
        }
      }
    },
    "toidentifier": {
      "version": "1.0.1",
      "resolved": "https://registry.npmjs.org/toidentifier/-/toidentifier-1.0.1.tgz",
      "integrity": "sha512-o5sSPKEkg/DIQNmH43V0/uerLrpzVedkUh8tGNvaeXpfpuwjKenlSox/2O/BTlZUtEe+JG7s5YhEz608PlAHRA==",
      "dev": true
    },
    "unpipe": {
      "version": "1.0.0",
      "resolved": "http://registry.npm.taobao.org/unpipe/download/unpipe-1.0.0.tgz",
      "integrity": "sha1-sr9O6FFKrmFltIF4KdIbLvSZBOw=",
      "dev": true
    },
    "url-loader": {
      "version": "0.5.9",
      "resolved": "http://registry.npm.taobao.org/url-loader/download/url-loader-0.5.9.tgz",
      "integrity": "sha1-zI/qgse5Bud3cBklCGnlaemVwpU=",
      "dev": true
    },
    "vconsole": {
      "version": "2.5.2",
      "resolved": "https://registry.npmjs.org/vconsole/-/vconsole-2.5.2.tgz",
      "integrity": "sha1-BwktmkWVUtiWBFU871EjCFU4SN8=",
      "dev": true
    },
    "vue": {
      "version": "2.4.2",
      "resolved": "http://registry.npm.taobao.org/vue/download/vue-2.4.2.tgz",
      "integrity": "sha1-qYVSYfGRyXjMDcEVBTG40IFJtYw="
    },
    "vue-lazyload": {
      "version": "1.0.6",
      "resolved": "https://registry.npmjs.org/vue-lazyload/-/vue-lazyload-1.0.6.tgz",
      "integrity": "sha1-fVSU/DXDX8hNzCcRZbgn4wm055M="
    },
    "vue-loader": {
      "version": "12.2.2",
      "resolved": "http://registry.npm.taobao.org/vue-loader/download/vue-loader-12.2.2.tgz",
      "integrity": "sha1-Kzp2TycBj5dbx4y4sfVRN1SO4tc=",
      "dev": true,
      "dependencies": {
        "ansi-styles": {
          "version": "2.2.1",
          "resolved": "http://registry.npm.taobao.org/ansi-styles/download/ansi-styles-2.2.1.tgz",
          "integrity": "sha1-tDLdM1i2NM914eRmQ2gkBTPB3b4="
        },
        "chalk": {
          "version": "1.1.3",
          "resolved": "http://registry.npm.taobao.org/chalk/download/chalk-1.1.3.tgz",
          "integrity": "sha1-qBFcVeSnAv5NFQq9OHKCKn4J/Jg=",
          "dependencies": {
            "supports-color": {
              "version": "2.0.0",
              "resolved": "http://registry.npm.taobao.org/supports-color/download/supports-color-2.0.0.tgz",
              "integrity": "sha1-U10EXOa2Nj+kARcIRimZXp3zJMc="
            }
          }
        },
        "has-flag": {
          "version": "1.0.0",
          "resolved": "http://registry.npm.taobao.org/has-flag/download/has-flag-1.0.0.tgz",
          "integrity": "sha1-nZ55MWXOAXoA8AQYxD+UKnsdEfo="
        },
        "postcss": {
          "version": "5.2.17",
          "resolved": "http://registry.npm.taobao.org/postcss/download/postcss-5.2.17.tgz",
          "integrity": "sha1-z09Ze4ZNZcikkrLqvp1wbIecOIs="
        },
        "supports-color": {
          "version": "3.2.3",
          "resolved": "http://registry.npm.taobao.org/supports-color/download/supports-color-3.2.3.tgz",
          "integrity": "sha1-ZawFBLOVQXHYpklGsq48u4pfVPY="
        }
      }
    },
    "vue-resource": {
      "version": "1.3.4",
      "resolved": "https://registry.npmjs.org/vue-resource/-/vue-resource-1.3.4.tgz",
      "integrity": "sha1-n8C99qL1yrQwEp/JnTR7PernsJk="
    },
    "vue-router": {
      "version": "2.7.0",
      "resolved": "http://registry.npm.taobao.org/vue-router/download/vue-router-2.7.0.tgz",
      "integrity": "sha1-FtQkSTqlHDyMzot8chDqTDqJr/E="
    },
    "vue-style-loader": {
      "version": "3.0.1",
      "resolved": "http://registry.npm.taobao.org/vue-style-loader/download/vue-style-loader-3.0.1.tgz",
      "integrity": "sha1-yLY5uy8kuvnXgnTcF+TyZMHe2gg=",
      "dev": true
    },
    "vue-template-compiler": {
      "version": "2.4.2",
      "resolved": "http://registry.npm.taobao.org/vue-template-compiler/download/vue-template-compiler-2.4.2.tgz",
      "integrity": "sha1-WkXYQ/FIsJj2wdHjWsIMSVbTCtE=",
      "dev": true
    },
    "vuex": {
      "version": "2.3.1",
      "resolved": "https://registry.npmjs.org/vuex/-/vuex-2.3.1.tgz",
      "integrity": "sha1-zejpl8H5lXcZvH3qFU+appHZgaY="
    },
    "webpack": {
      "version": "2.7.0",
      "resolved": "http://registry.npm.taobao.org/webpack/download/webpack-2.7.0.tgz",
      "integrity": "sha1-sqEiaAQ3P/09A+qca9UlBnA09rE=",
      "dev": true,
      "dependencies": {
        "has-flag": {
          "version": "1.0.0",
          "resolved": "http://registry.npm.taobao.org/has-flag/download/has-flag-1.0.0.tgz",
          "integrity": "sha1-nZ55MWXOAXoA8AQYxD+UKnsdEfo="
        },
        "loader-utils": {
          "version": "0.2.17",
          "resolved": "http://registry.npm.taobao.org/loader-utils/download/loader-utils-0.2.17.tgz",
          "integrity": "sha1-+G5jdNQyBabmxg6RlvF8Apm/s0g="
        },
        "supports-color": {
          "version": "3.2.3",
          "resolved": "http://registry.npm.taobao.org/supports-color/download/supports-color-3.2.3.tgz",
          "integrity": "sha1-ZawFBLOVQXHYpklGsq48u4pfVPY="
        },
        "uglify-js": {
          "version": "2.8.29",
          "resolved": "http://registry.npm.taobao.org/uglify-js/download/uglify-js-2.8.29.tgz",
          "integrity": "sha1-KcVzMUgFe7Th913zW3qcty5qWd0=",
          "dependencies": {
            "yargs": {
              "version": "3.10.0",
              "resolved": "http://registry.npm.taobao.org/yargs/download/yargs-3.10.0.tgz",
              "integrity": "sha1-9+572FfdfB0tOMDnTvvWgdFDH9E="
            }
          }
        }
      }
    },
    "webpack-bundle-analyzer": {
      "version": "2.9.0",
      "resolved": "http://registry.npm.taobao.org/webpack-bundle-analyzer/download/webpack-bundle-analyzer-2.9.0.tgz",
      "integrity": "sha1-tYvDTMMLJ//brz0AvyerpvopxuM=",
      "dev": true,
      "dependencies": {
        "ansi-styles": {
          "version": "2.2.1",
          "resolved": "http://registry.npm.taobao.org/ansi-styles/download/ansi-styles-2.2.1.tgz",
          "integrity": "sha1-tDLdM1i2NM914eRmQ2gkBTPB3b4="
        },
        "chalk": {
          "version": "1.1.3",
          "resolved": "http://registry.npm.taobao.org/chalk/download/chalk-1.1.3.tgz",
          "integrity": "sha1-qBFcVeSnAv5NFQq9OHKCKn4J/Jg="
        },
        "supports-color": {
          "version": "2.0.0",
          "resolved": "http://registry.npm.taobao.org/supports-color/download/supports-color-2.0.0.tgz",
          "integrity": "sha1-U10EXOa2Nj+kARcIRimZXp3zJMc="
        }
      }
    },
    "webpack-dev-middleware": {
      "version": "1.12.0",
      "resolved": "http://registry.npm.taobao.org/webpack-dev-middleware/download/webpack-dev-middleware-1.12.0.tgz",
      "integrity": "sha1-007++y7dp+HTtdvgcolRMhllFwk=",
      "dev": true
    },
    "webpack-hot-middleware": {
      "version": "2.18.2",
      "resolved": "http://registry.npm.taobao.org/webpack-hot-middleware/download/webpack-hot-middleware-2.18.2.tgz",
      "integrity": "sha1-hN7mQ/A3w9WcneFCVIQwNxqo07I=",
      "dev": true
    },
    "webpack-merge": {
      "version": "4.1.0",
      "resolved": "http://registry.npm.taobao.org/webpack-merge/download/webpack-merge-4.1.0.tgz",
      "integrity": "sha1-atciI7PguDflMeRZfBmfkJNhUR4=",
      "dev": true
    }
  }
}
