{
  "name": "vue--wechat--cck",
  "version": "1.0.0",
  "lockfileVersion": 1,
  "requires": true,
  "dependencies": {
    "acorn-jsx": {
      "version": "3.0.1",
      "resolved": "http://registry.npm.taobao.org/acorn-jsx/download/acorn-jsx-3.0.1.tgz",
      "integrity": "sha1-r9+UiPsezvyDSPb7IvRk4ypYs2s=",
      "dev": true,
      "dependencies": {
        "acorn": {
          "version": "3.3.0",
          "resolved": "http://registry.npm.taobao.org/acorn/download/acorn-3.3.0.tgz",
          "integrity": "sha1-ReN/s56No/JbruP/U2niu18iAXo="
        }
      }
    },
    "argparse": {
      "version": "1.0.9",
      "resolved": "http://registry.npm.taobao.org/argparse/download/argparse-1.0.9.tgz",
      "integrity": "sha1-c9g7wmP4bpf4zE9rrhsOkKfSLIY=",
      "dev": true
    },
    "autoprefixer": {
      "version": "7.1.2",
      "resolved": "http://registry.npm.taobao.org/autoprefixer/download/autoprefixer-7.1.2.tgz",
      "integrity": "sha1-++rwfUj9h44Ggr98vurecorbKxg=",
      "dev": true
    },
    "babel-code-frame": {
      "version": "6.22.0",
      "resolved": "http://registry.npm.taobao.org/babel-code-frame/download/babel-code-frame-6.22.0.tgz",
      "integrity": "sha1-AnYgvuVnqIwyVhV05/0IAdMxGOQ=",
      "dev": true,
      "dependencies": {
        "ansi-styles": {
          "version": "2.2.1",
          "resolved": "http://registry.npm.taobao.org/ansi-styles/download/ansi-styles-2.2.1.tgz",
          "integrity": "sha1-tDLdM1i2NM914eRmQ2gkBTPB3b4="
        },
        "chalk": {
          "version": "1.1.3",
          "resolved": "http://registry.npm.taobao.org/chalk/download/chalk-1.1.3.tgz",
          "integrity": "sha1-qBFcVeSnAv5NFQq9OHKCKn4J/Jg="
        },
        "supports-color": {
          "version": "2.0.0",
          "resolved": "http://registry.npm.taobao.org/supports-color/download/supports-color-2.0.0.tgz",
          "integrity": "sha1-U10EXOa2Nj+kARcIRimZXp3zJMc="
        }
      }
    },
    "babel-core": {
      "version": "6.25.0",
      "resolved": "http://registry.npm.taobao.org/babel-core/download/babel-core-6.25.0.tgz",
      "integrity": "sha1-fdQrBGPHQunVKW3rPsZ6kyLa1yk=",
      "dev": true
    },
    "babel-eslint": {
      "version": "7.2.3",
      "resolved": "http://registry.npm.taobao.org/babel-eslint/download/babel-eslint-7.2.3.tgz",
      "integrity": "sha1-sv4tgBJkcPXBlELcdXJTqJdxCCc=",
      "dev": true
    },
    "babel-loader": {
      "version": "7.1.1",
      "resolved": "http://registry.npm.taobao.org/babel-loader/download/babel-loader-7.1.1.tgz",
      "integrity": "sha1-uHE0yLEuPkwqlOBUYIW8aAorhIg=",
      "dev": true
    },
    "babel-plugin-transform-runtime": {
      "version": "6.23.0",
      "resolved": "http://registry.npm.taobao.org/babel-plugin-transform-runtime/download/babel-plugin-transform-runtime-6.23.0.tgz",
      "integrity": "sha1-iEkNRGUC6puOfvsP4J7E2ZR5se4=",
      "dev": true
    },
    "babel-preset-env": {
      "version": "1.6.0",
      "resolved": "http://registry.npm.taobao.org/babel-preset-env/download/babel-preset-env-1.6.0.tgz",
      "integrity": "sha1-LeHHgqeAoKXWBdGZyVdZbaQ8ROQ=",
      "dev": true
    },
    "babel-preset-stage-2": {
      "version": "6.24.1",
      "resolved": "http://registry.npm.taobao.org/babel-preset-stage-2/download/babel-preset-stage-2-6.24.1.tgz",
      "integrity": "sha1-2eKWD7PXEYfw5k7sYrwHdnIZvcE=",
      "dev": true
    },
    "babel-register": {
      "version": "6.24.1",
      "resolved": "http://registry.npm.taobao.org/babel-register/download/babel-register-6.24.1.tgz",
      "integrity": "sha1-fhDhOi9xBlvfrVoXh7pFvKbe118=",
      "dev": true
    },
    "better-scroll": {
      "version": "0.4.0",
      "resolved": "http://registry.npm.taobao.org/better-scroll/download/better-scroll-0.4.0.tgz",
      "integrity": "sha1-80SfB6ffHB5GK6hhWKMnBx/VwGM="
    },
    "chalk": {
      "version": "2.1.0",
      "resolved": "http://registry.npm.taobao.org/chalk/download/chalk-2.1.0.tgz",
      "integrity": "sha1-rFvs8U+iG5nGySynp9fP1bF+dD4=",
      "dev": true
    },
    "chardet": {
      "version": "0.4.2",
      "resolved": "https://registry.npmjs.org/chardet/-/chardet-0.4.2.tgz",
      "integrity": "sha1-tUc7M9yXxCTl2Y3IfVXU2KKci/I=",
      "dev": true
    },
    "cli-width": {
      "version": "2.1.0",
      "resolved": "http://registry.npm.taobao.org/cli-width/download/cli-width-2.1.0.tgz",
      "integrity": "sha1-sjTKIJsp72b8UY2bmNWEewDt8Ao=",
      "dev": true
    },
    "co": {
      "version": "4.6.0",
      "resolved": "http://registry.npm.taobao.org/co/download/co-4.6.0.tgz",
      "integrity": "sha1-bqa989hTrlTMuOR7+gvz+QMfsYQ=",
      "dev": true
    },
    "concat-stream": {
      "version": "1.6.0",
      "resolved": "http://registry.npm.taobao.org/concat-stream/download/concat-stream-1.6.0.tgz",
      "integrity": "sha1-CqxmL9Ur54lk1VMvaUeE5wEQrPc=",
      "dev": true
    },
    "connect-history-api-fallback": {
      "version": "1.3.0",
      "resolved": "http://registry.npm.taobao.org/connect-history-api-fallback/download/connect-history-api-fallback-1.3.0.tgz",
      "integrity": "sha1-5R0X+PDvDbkKZP20feMFFVbp8Wk=",
      "dev": true
    },
    "copy-webpack-plugin": {
      "version": "4.0.1",
      "resolved": "http://registry.npm.taobao.org/copy-webpack-plugin/download/copy-webpack-plugin-4.0.1.tgz",
      "integrity": "sha1-lyjjg7lDFgUNDHRjlY8rhcCqggA=",
      "dev": true,
      "dependencies": {
        "loader-utils": {
          "version": "0.2.17",
          "resolved": "http://registry.npm.taobao.org/loader-utils/download/loader-utils-0.2.17.tgz",
          "integrity": "sha1-+G5jdNQyBabmxg6RlvF8Apm/s0g="
        }
      }
    },
    "cross-spawn": {
      "version": "5.1.0",
      "resolved": "https://registry.npmjs.org/cross-spawn/-/cross-spawn-5.1.0.tgz",
      "integrity": "sha1-6L0O/uWPz/b4+UUQoKVUu/ojVEk=",
      "dev": true,
      "requires": {
        "lru-cache": "^4.0.1",
        "shebang-command": "^1.2.0",
        "which": "^1.2.9"
      }
    },
    "css-loader": {
      "version": "0.28.4",
      "resolved": "http://registry.npm.taobao.org/css-loader/download/css-loader-0.28.4.tgz",
      "integrity": "sha1-bPNXkZLONV6LONX0Ldeh8uyJjQ8=",
      "dev": true,
      "dependencies": {
        "ansi-styles": {
          "version": "2.2.1",
          "resolved": "http://registry.npm.taobao.org/ansi-styles/download/ansi-styles-2.2.1.tgz",
          "integrity": "sha1-tDLdM1i2NM914eRmQ2gkBTPB3b4="
        },
        "chalk": {
          "version": "1.1.3",
          "resolved": "http://registry.npm.taobao.org/chalk/download/chalk-1.1.3.tgz",
          "integrity": "sha1-qBFcVeSnAv5NFQq9OHKCKn4J/Jg=",
          "dependencies": {
            "supports-color": {
              "version": "2.0.0",
              "resolved": "http://registry.npm.taobao.org/supports-color/download/supports-color-2.0.0.tgz",
              "integrity": "sha1-U10EXOa2Nj+kARcIRimZXp3zJMc="
            }
          }
        },
        "has-flag": {
          "version": "1.0.0",
          "resolved": "http://registry.npm.taobao.org/has-flag/download/has-flag-1.0.0.tgz",
          "integrity": "sha1-nZ55MWXOAXoA8AQYxD+UKnsdEfo="
        },
        "postcss": {
          "version": "5.2.17",
          "resolved": "http://registry.npm.taobao.org/postcss/download/postcss-5.2.17.tgz",
          "integrity": "sha1-z09Ze4ZNZcikkrLqvp1wbIecOIs="
        },
        "supports-color": {
          "version": "3.2.3",
          "resolved": "http://registry.npm.taobao.org/supports-color/download/supports-color-3.2.3.tgz",
          "integrity": "sha1-ZawFBLOVQXHYpklGsq48u4pfVPY="
        }
      }
    },
    "cssnano": {
      "version": "3.10.0",
      "resolved": "http://registry.npm.taobao.org/cssnano/download/cssnano-3.10.0.tgz",
      "integrity": "sha1-Tzj2zqK5sX+gFJDyPx3GjqZcHDg=",
      "dev": true,
      "dependencies": {
        "ansi-styles": {
          "version": "2.2.1",
          "resolved": "http://registry.npm.taobao.org/ansi-styles/download/ansi-styles-2.2.1.tgz",
          "integrity": "sha1-tDLdM1i2NM914eRmQ2gkBTPB3b4="
        },
        "autoprefixer": {
          "version": "6.7.7",
          "resolved": "http://registry.npm.taobao.org/autoprefixer/download/autoprefixer-6.7.7.tgz",
          "integrity": "sha1-Hb0cg1ZY41zj+ZhAmdsAWFx4IBQ="
        },
        "browserslist": {
          "version": "1.7.7",
          "resolved": "http://registry.npm.taobao.org/browserslist/download/browserslist-1.7.7.tgz",
          "integrity": "sha1-C9dnBCWL6CmyOYu1Dkti0aFmsLk="
        },
        "chalk": {
          "version": "1.1.3",
          "resolved": "http://registry.npm.taobao.org/chalk/download/chalk-1.1.3.tgz",
          "integrity": "sha1-qBFcVeSnAv5NFQq9OHKCKn4J/Jg=",
          "dependencies": {
            "supports-color": {
              "version": "2.0.0",
              "resolved": "http://registry.npm.taobao.org/supports-color/download/supports-color-2.0.0.tgz",
              "integrity": "sha1-U10EXOa2Nj+kARcIRimZXp3zJMc="
            }
          }
        },
        "has-flag": {
          "version": "1.0.0",
          "resolved": "http://registry.npm.taobao.org/has-flag/download/has-flag-1.0.0.tgz",
          "integrity": "sha1-nZ55MWXOAXoA8AQYxD+UKnsdEfo="
        },
        "postcss": {
          "version": "5.2.17",
          "resolved": "http://registry.npm.taobao.org/postcss/download/postcss-5.2.17.tgz",
          "integrity": "sha1-z09Ze4ZNZcikkrLqvp1wbIecOIs="
        },
        "supports-color": {
          "version": "3.2.3",
          "resolved": "http://registry.npm.taobao.org/supports-color/download/supports-color-3.2.3.tgz",
          "integrity": "sha1-ZawFBLOVQXHYpklGsq48u4pfVPY="
        }
      }
    },
    "escape-string-regexp": {
      "version": "1.0.5",
      "resolved": "http://registry.npm.taobao.org/escape-string-regexp/download/escape-string-regexp-1.0.5.tgz",
      "integrity": "sha1-G2HAViGQqN/2rjuyzwIAyhMLhtQ=",
      "dev": true
    },
    "eslint": {
      "version": "4.18.2",
      "resolved": "https://registry.npmjs.org/eslint/-/eslint-4.18.2.tgz",
      "integrity": "sha512-qy4i3wODqKMYfz9LUI8N2qYDkHkoieTbiHpMrYUI/WbjhXJQr7lI4VngixTgaG+yHX+NBCv7nW4hA0ShbvaNKw==",
      "dev": true,
      "requires": {
        "ajv": "^5.3.0",
        "babel-code-frame": "^6.22.0",
        "chalk": "^2.1.0",
        "concat-stream": "^1.6.0",
        "cross-spawn": "^5.1.0",
        "debug": "^3.1.0",
        "doctrine": "^2.1.0",
        "eslint-scope": "^3.7.1",
        "eslint-visitor-keys": "^1.0.0",
        "espree": "^3.5.2",
        "esquery": "^1.0.0",
        "esutils": "^2.0.2",
        "file-entry-cache": "^2.0.0",
        "functional-red-black-tree": "^1.0.1",
        "glob": "^7.1.2",
        "globals": "^11.0.1",
        "ignore": "^3.3.3",
        "imurmurhash": "^0.1.4",
        "inquirer": "^3.0.6",
        "is-resolvable": "^1.0.0",
        "js-yaml": "^3.9.1",
        "json-stable-stringify-without-jsonify": "^1.0.1",
        "levn": "^0.3.0",
        "lodash": "^4.17.4",
        "minimatch": "^3.0.2",
        "mkdirp": "^0.5.1",
        "natural-compare": "^1.4.0",
        "optionator": "^0.8.2",
        "path-is-inside": "^1.0.2",
        "pluralize": "^7.0.0",
        "progress": "^2.0.0",
        "require-uncached": "^1.0.3",
        "semver": "^5.3.0",
        "strip-ansi": "^4.0.0",
        "strip-json-comments": "~2.0.1",
        "table": "4.0.2",
        "text-table": "~0.2.0"
      },
      "dependencies": {
        "acorn": {
          "version": "5.7.3",
          "resolved": "https://registry.npmjs.org/acorn/-/acorn-5.7.3.tgz",
          "integrity": "sha512-T/zvzYRfbVojPWahDsE5evJdHb3oJoQfFbsrKM7w5Zcs++Tr257tia3BmMP8XYVjp1S9RZXQMh7gao96BlqZOw==",
          "dev": true
        },
        "ajv": {
          "version": "5.5.2",
          "resolved": "https://registry.npmjs.org/ajv/-/ajv-5.5.2.tgz",
          "integrity": "sha1-c7Xuyj+rZT49P5Qis0GtQiBdyWU=",
          "dev": true,
          "requires": {
            "co": "^4.6.0",
            "fast-deep-equal": "^1.0.0",
            "fast-json-stable-stringify": "^2.0.0",
            "json-schema-traverse": "^0.3.0"
          }
        },
        "ajv-keywords": {
          "version": "2.1.1",
          "resolved": "https://registry.npmjs.org/ajv-keywords/-/ajv-keywords-2.1.1.tgz",
          "integrity": "sha1-YXmX/F9gV2iUxDX5QNgZ4TW4B2I=",
          "dev": true
        },
        "ansi-escapes": {
          "version": "3.2.0",
          "resolved": "https://registry.npmjs.org/ansi-escapes/-/ansi-escapes-3.2.0.tgz",
          "integrity": "sha512-cBhpre4ma+U0T1oM5fXg7Dy1Jw7zzwv7lt/GoCpr+hDQJoYnKVPLL4dCvSEFMmQurOQvSrwT7SL/DAlhBI97RQ==",
          "dev": true
        },
        "ansi-regex": {
          "version": "3.0.0",
          "resolved": "https://registry.npmjs.org/ansi-regex/-/ansi-regex-3.0.0.tgz",
          "integrity": "sha1-7QMXwyIGT3lGbAKWa922Bas32Zg=",
          "dev": true
        },
        "cli-cursor": {
          "version": "2.1.0",
          "resolved": "https://registry.npmjs.org/cli-cursor/-/cli-cursor-2.1.0.tgz",
          "integrity": "sha1-s12sN2R5+sw+lHR9QdDQ9SOP/LU=",
          "dev": true,
          "requires": {
            "restore-cursor": "^2.0.0"
          }
        },
        "debug": {
          "version": "3.2.6",
          "resolved": "https://registry.npmjs.org/debug/-/debug-3.2.6.tgz",
          "integrity": "sha512-mel+jf7nrtEl5Pn1Qx46zARXKDpBbvzezse7p7LqINmdoIk8PYP5SySaxEmYv6TZ0JyEKA1hsCId6DIhgITtWQ==",
          "dev": true,
          "requires": {
            "ms": "^2.1.1"
          }
        },
        "doctrine": {
          "version": "2.1.0",
          "resolved": "https://registry.npmjs.org/doctrine/-/doctrine-2.1.0.tgz",
          "integrity": "sha512-35mSku4ZXK0vfCuHEDAwt55dg2jNajHZ1odvF+8SSr82EsZY4QmXfuWso8oEd8zRhVObSN18aM0CjSdoBX7zIw==",
          "dev": true,
          "requires": {
            "esutils": "^2.0.2"
          }
        },
        "espree": {
          "version": "3.5.4",
          "resolved": "https://registry.npmjs.org/espree/-/espree-3.5.4.tgz",
          "integrity": "sha512-yAcIQxtmMiB/jL32dzEp2enBeidsB7xWPLNiw3IIkpVds1P+h7qF9YwJq1yUNzp2OKXgAprs4F61ih66UsoD1A==",
          "dev": true,
          "requires": {
            "acorn": "^5.5.0",
            "acorn-jsx": "^3.0.0"
          }
        },
        "esprima": {
          "version": "4.0.1",
          "resolved": "https://registry.npmjs.org/esprima/-/esprima-4.0.1.tgz",
          "integrity": "sha512-eGuFFw7Upda+g4p+QHvnW0RyTX/SVeJBDM/gCtMARO0cLuT2HcEKnTPvhjV6aGeqrCB/sbNop0Kszm0jsaWU4A==",
          "dev": true
        },
        "figures": {
          "version": "2.0.0",
          "resolved": "https://registry.npmjs.org/figures/-/figures-2.0.0.tgz",
          "integrity": "sha1-OrGi0qYsi/tDGgyUy3l6L84nyWI=",
          "dev": true,
          "requires": {
            "escape-string-regexp": "^1.0.5"
          }
        },
        "glob": {
          "version": "7.1.6",
          "resolved": "https://registry.npmjs.org/glob/-/glob-7.1.6.tgz",
          "integrity": "sha512-LwaxwyZ72Lk7vZINtNNrywX0ZuLyStrdDtabefZKAY5ZGJhVtgdznluResxNmPitE0SAO+O26sWTHeKSI2wMBA==",
          "dev": true,
          "requires": {
            "fs.realpath": "^1.0.0",
            "inflight": "^1.0.4",
            "inherits": "2",
            "minimatch": "^3.0.4",
            "once": "^1.3.0",
            "path-is-absolute": "^1.0.0"
          }
        },
        "globals": {
          "version": "11.12.0",
          "resolved": "https://registry.npmjs.org/globals/-/globals-11.12.0.tgz",
          "integrity": "sha512-WOBp/EEGUiIsJSp7wcv/y6MO+lV9UoncWqxuFfm8eBwzWNgyfBd6Gz+IeKQ9jCmyhoH99g15M3T+QaVHFjizVA==",
          "dev": true
        },
        "inquirer": {
          "version": "3.3.0",
          "resolved": "https://registry.npmjs.org/inquirer/-/inquirer-3.3.0.tgz",
          "integrity": "sha512-h+xtnyk4EwKvFWHrUYsWErEVR+igKtLdchu+o0Z1RL7VU/jVMFbYir2bp6bAj8efFNxWqHX0dIss6fJQ+/+qeQ==",
          "dev": true,
          "requires": {
            "ansi-escapes": "^3.0.0",
            "chalk": "^2.0.0",
            "cli-cursor": "^2.1.0",
            "cli-width": "^2.0.0",
            "external-editor": "^2.0.4",
            "figures": "^2.0.0",
            "lodash": "^4.3.0",
            "mute-stream": "0.0.7",
            "run-async": "^2.2.0",
            "rx-lite": "^4.0.8",
            "rx-lite-aggregates": "^4.0.8",
            "string-width": "^2.1.0",
            "strip-ansi": "^4.0.0",
            "through": "^2.3.6"
          }
        },
        "is-fullwidth-code-point": {
          "version": "2.0.0",
          "resolved": "https://registry.npmjs.org/is-fullwidth-code-point/-/is-fullwidth-code-point-2.0.0.tgz",
          "integrity": "sha1-o7MKXE8ZkYMWeqq5O+764937ZU8=",
          "dev": true
        },
        "js-yaml": {
          "version": "3.13.1",
          "resolved": "https://registry.npmjs.org/js-yaml/-/js-yaml-3.13.1.tgz",
          "integrity": "sha512-YfbcO7jXDdyj0DGxYVSlSeQNHbD7XPWvrVWeVUujrQEoZzWJIRrCPoyk6kL6IAjAG2IolMK4T0hNUe0HOUs5Jw==",
          "dev": true,
          "requires": {
            "argparse": "^1.0.7",
            "esprima": "^4.0.0"
          }
        },
        "ms": {
          "version": "2.1.2",
          "resolved": "https://registry.npmjs.org/ms/-/ms-2.1.2.tgz",
          "integrity": "sha512-sGkPx+VjMtmA6MX27oA4FBFELFCZZ4S4XqeGOXCv68tT+jb3vk/RyaKWP0PTKyWtmLSM0b+adUTEvbs1PEaH2w==",
          "dev": true
        },
        "mute-stream": {
          "version": "0.0.7",
          "resolved": "https://registry.npmjs.org/mute-stream/-/mute-stream-0.0.7.tgz",
          "integrity": "sha1-MHXOk7whuPq0PhvE2n6BFe0ee6s=",
          "dev": true
        },
        "onetime": {
          "version": "2.0.1",
          "resolved": "https://registry.npmjs.org/onetime/-/onetime-2.0.1.tgz",
          "integrity": "sha1-BnQoIw/WdEOyeUsiu6UotoZ5YtQ=",
          "dev": true,
          "requires": {
            "mimic-fn": "^1.0.0"
          }
        },
        "pluralize": {
          "version": "7.0.0",
          "resolved": "https://registry.npmjs.org/pluralize/-/pluralize-7.0.0.tgz",
          "integrity": "sha512-ARhBOdzS3e41FbkW/XWrTEtukqqLoK5+Z/4UeDaLuSW+39JPeFgs4gCGqsrJHVZX0fUrx//4OF0K1CUGwlIFow==",
          "dev": true
        },
        "progress": {
          "version": "2.0.3",
          "resolved": "https://registry.npmjs.org/progress/-/progress-2.0.3.tgz",
          "integrity": "sha512-7PiHtLll5LdnKIMw100I+8xJXR5gW2QwWYkT6iJva0bXitZKa/XMrSbdmg3r2Xnaidz9Qumd0VPaMrZlF9V9sA==",
          "dev": true
        },
        "restore-cursor": {
          "version": "2.0.0",
          "resolved": "https://registry.npmjs.org/restore-cursor/-/restore-cursor-2.0.0.tgz",
          "integrity": "sha1-n37ih/gv0ybU/RYpI9YhKe7g368=",
          "dev": true,
          "requires": {
            "onetime": "^2.0.0",
            "signal-exit": "^3.0.2"
          }
        },
        "run-async": {
          "version": "2.3.0",
          "resolved": "https://registry.npmjs.org/run-async/-/run-async-2.3.0.tgz",
          "integrity": "sha1-A3GrSuC91yDUFm19/aZP96RFpsA=",
          "dev": true,
          "requires": {
            "is-promise": "^2.1.0"
          }
        },
        "rx-lite": {
          "version": "4.0.8",
          "resolved": "https://registry.npmjs.org/rx-lite/-/rx-lite-4.0.8.tgz",
          "integrity": "sha1-Cx4Rr4vESDbwSmQH6S2kJGe3lEQ=",
          "dev": true
        },
        "slice-ansi": {
          "version": "1.0.0",
          "resolved": "https://registry.npmjs.org/slice-ansi/-/slice-ansi-1.0.0.tgz",
          "integrity": "sha512-POqxBK6Lb3q6s047D/XsDVNPnF9Dl8JSaqe9h9lURl0OdNqy/ujDrOiIHtsqXMGbWWTIomRzAMaTyawAU//Reg==",
          "dev": true,
          "requires": {
            "is-fullwidth-code-point": "^2.0.0"
          }
        },
        "string-width": {
          "version": "2.1.1",
          "resolved": "https://registry.npmjs.org/string-width/-/string-width-2.1.1.tgz",
          "integrity": "sha512-nOqH59deCq9SRHlxq1Aw85Jnt4w6KvLKqWVik6oA9ZklXLNIOlqg4F2yrT1MVaTjAqvVwdfeZ7w7aCvJD7ugkw==",
          "dev": true,
          "requires": {
            "is-fullwidth-code-point": "^2.0.0",
            "strip-ansi": "^4.0.0"
          }
        },
        "strip-ansi": {
          "version": "4.0.0",
          "resolved": "https://registry.npmjs.org/strip-ansi/-/strip-ansi-4.0.0.tgz",
          "integrity": "sha1-qEeQIusaw2iocTibY1JixQXuNo8=",
          "dev": true,
          "requires": {
            "ansi-regex": "^3.0.0"
          }
        },
        "table": {
          "version": "4.0.2",
          "resolved": "https://registry.npmjs.org/table/-/table-4.0.2.tgz",
          "integrity": "sha512-UUkEAPdSGxtRpiV9ozJ5cMTtYiqz7Ni1OGqLXRCynrvzdtR1p+cfOWe2RJLwvUG8hNanaSRjecIqwOjqeatDsA==",
          "dev": true,
          "requires": {
            "ajv": "^5.2.3",
            "ajv-keywords": "^2.1.0",
            "chalk": "^2.1.0",
            "lodash": "^4.17.4",
            "slice-ansi": "1.0.0",
            "string-width": "^2.1.1"
          }
        }
      }
    },
    "eslint-config-standard": {
      "version": "6.2.1",
      "resolved": "http://registry.npm.taobao.org/eslint-config-standard/download/eslint-config-standard-6.2.1.tgz",
      "integrity": "sha1-06aKr8cZFjnn7kQec0hzkCY1QpI=",
      "dev": true
    },
    "eslint-friendly-formatter": {
      "version": "3.0.0",
      "resolved": "http://registry.npm.taobao.org/eslint-friendly-formatter/download/eslint-friendly-formatter-3.0.0.tgz",
      "integrity": "sha1-J4h0Q1psRuwdlPoLH/SU4w7wQpA=",
      "dev": true,
      "dependencies": {
        "ansi-styles": {
          "version": "2.2.1",
          "resolved": "http://registry.npm.taobao.org/ansi-styles/download/ansi-styles-2.2.1.tgz",
          "integrity": "sha1-tDLdM1i2NM914eRmQ2gkBTPB3b4="
        },
        "chalk": {
          "version": "1.1.3",
          "resolved": "http://registry.npm.taobao.org/chalk/download/chalk-1.1.3.tgz",
          "integrity": "sha1-qBFcVeSnAv5NFQq9OHKCKn4J/Jg="
        },
        "minimist": {
          "version": "1.2.0",
          "resolved": "http://registry.npm.taobao.org/minimist/download/minimist-1.2.0.tgz",
          "integrity": "sha1-o1AIsg9BOD7sH7kU9M1d95omQoQ="
        },
        "supports-color": {
          "version": "2.0.0",
          "resolved": "http://registry.npm.taobao.org/supports-color/download/supports-color-2.0.0.tgz",
          "integrity": "sha1-U10EXOa2Nj+kARcIRimZXp3zJMc="
        }
      }
    },
    "eslint-loader": {
      "version": "1.9.0",
      "resolved": "http://registry.npm.taobao.org/eslint-loader/download/eslint-loader-1.9.0.tgz",
      "integrity": "sha1-fhvp/t3KMo09z67xrUnVvv/oOhM=",
      "dev": true
    },
    "eslint-plugin-html": {
      "version": "3.2.0",
      "resolved": "http://registry.npm.taobao.org/eslint-plugin-html/download/eslint-plugin-html-3.2.0.tgz",
      "integrity": "sha1-+2TCeJ6Vgrl/WAo4gUpXlm+Rp7I=",
      "dev": true
    },
    "eslint-plugin-promise": {
      "version": "3.5.0",
      "resolved": "http://registry.npm.taobao.org/eslint-plugin-promise/download/eslint-plugin-promise-3.5.0.tgz",
      "integrity": "sha1-ePu2/+BHIBYnVp6FpsU3OvKmj8o=",
      "dev": true
    },
    "eslint-plugin-standard": {
      "version": "2.3.1",
      "resolved": "http://registry.npm.taobao.org/eslint-plugin-standard/download/eslint-plugin-standard-2.3.1.tgz",
      "integrity": "sha1-Z2W9Km2ezce98bFFrkuzDit7hvg=",
      "dev": true
    },
    "eslint-scope": {
      "version": "3.7.3",
      "resolved": "https://registry.npmjs.org/eslint-scope/-/eslint-scope-3.7.3.tgz",
      "integrity": "sha512-W+B0SvF4gamyCTmUc+uITPY0989iXVfKvhwtmJocTaYoc/3khEHmEmvfY/Gn9HA9VV75jrQECsHizkNw1b68FA==",
      "dev": true,
      "requires": {
        "esrecurse": "^4.1.0",
        "estraverse": "^4.1.1"
      }
    },
    "eslint-visitor-keys": {
      "version": "1.1.0",
      "resolved": "https://registry.npmjs.org/eslint-visitor-keys/-/eslint-visitor-keys-1.1.0.tgz",
      "integrity": "sha512-8y9YjtM1JBJU/A9Kc+SbaOV4y29sSWckBwMHa+FGtVj5gN/sbnKDf6xJUl+8g7FAij9LVaP8C24DUiH/f/2Z9A==",
      "dev": true
    },
    "esquery": {
      "version": "1.0.0",
      "resolved": "http://registry.npm.taobao.org/esquery/download/esquery-1.0.0.tgz",
      "integrity": "sha1-z7qLV9f7qT8XKYqKAGoEzaE9gPo=",
      "dev": true
    },
    "esrecurse": {
      "version": "4.2.0",
      "resolved": "http://registry.npm.taobao.org/esrecurse/download/esrecurse-4.2.0.tgz",
      "integrity": "sha1-+pVo2Y04I/mkHZHpAtyrnqblsWM=",
      "dev": true
    },
    "estraverse": {
      "version": "4.2.0",
      "resolved": "http://registry.npm.taobao.org/estraverse/download/estraverse-4.2.0.tgz",
      "integrity": "sha1-De4/7TH81GlhjOc0IJn8GvoL2xM=",
      "dev": true
    },
    "esutils": {
      "version": "2.0.2",
      "resolved": "http://registry.npm.taobao.org/esutils/download/esutils-2.0.2.tgz",
      "integrity": "sha1-Cr9PHKpbyx96nYrMbepPqqBLrJs=",
      "dev": true
    },
    "eventsource-polyfill": {
      "version": "0.9.6",
      "resolved": "http://registry.npm.taobao.org/eventsource-polyfill/download/eventsource-polyfill-0.9.6.tgz",
      "integrity": "sha1-EODRh/ERsWfyj9q5GIQ859gY8Tw=",
      "dev": true
    },
    "express": {
      "version": "4.15.4",
      "resolved": "http://registry.npm.taobao.org/express/download/express-4.15.4.tgz",
      "integrity": "sha1-Ay4iU0ic+PzgJma+yj0R7XotrtE=",
      "dev": true
    },
    "external-editor": {
      "version": "2.2.0",
      "resolved": "https://registry.npmjs.org/external-editor/-/external-editor-2.2.0.tgz",
      "integrity": "sha512-bSn6gvGxKt+b7+6TKEv1ZycHleA7aHhRHyAqJyp5pbUFuYYNIzpZnQDk7AsYckyWdEnTeAnay0aCy2aV6iTk9A==",
      "dev": true,
      "requires": {
        "chardet": "^0.4.0",
        "iconv-lite": "^0.4.17",
        "tmp": "^0.0.33"
      }
    },
    "extract-text-webpack-plugin": {
      "version": "2.1.2",
      "resolved": "http://registry.npm.taobao.org/extract-text-webpack-plugin/download/extract-text-webpack-plugin-2.1.2.tgz",
      "integrity": "sha1-dW7076gVXDaBgz+8NNpTuUF0bWw=",
      "dev": true
    },
    "fast-deep-equal": {
      "version": "1.0.0",
      "resolved": "http://registry.npm.taobao.org/fast-deep-equal/download/fast-deep-equal-1.0.0.tgz",
      "integrity": "sha1-liVqO8l1WV6zbYLpkp0GDYk0Of8=",
      "dev": true
    },
    "fast-json-stable-stringify": {
      "version": "2.1.0",
      "resolved": "https://registry.npmjs.org/fast-json-stable-stringify/-/fast-json-stable-stringify-2.1.0.tgz",
      "integrity": "sha512-lhd/wF+Lk98HZoTCtlVraHtfh5XYijIjalXck7saUtuanSDyLMxnHhSXEDJqHxD7msR8D0uCmqlkwjCV8xvwHw==",
      "dev": true
    },
    "file-entry-cache": {
      "version": "2.0.0",
      "resolved": "http://registry.npm.taobao.org/file-entry-cache/download/file-entry-cache-2.0.0.tgz",
      "integrity": "sha1-w5KZDD5oR4PYOLjISkXYoEhFg2E=",
      "dev": true
    },
    "file-loader": {
      "version": "0.11.2",
      "resolved": "http://registry.npm.taobao.org/file-loader/download/file-loader-0.11.2.tgz",
      "integrity": "sha1-T/HfKK84cZpgmAk7iMgscdF5SjQ=",
      "dev": true
    },
    "friendly-errors-webpack-plugin": {
      "version": "1.6.1",
      "resolved": "http://registry.npm.taobao.org/friendly-errors-webpack-plugin/download/friendly-errors-webpack-plugin-1.6.1.tgz",
      "integrity": "sha1-4yeBxHIvVGoGqbXXp8+ihSA3XXA=",
      "dev": true,
      "dependencies": {
        "ansi-styles": {
          "version": "2.2.1",
          "resolved": "http://registry.npm.taobao.org/ansi-styles/download/ansi-styles-2.2.1.tgz",
          "integrity": "sha1-tDLdM1i2NM914eRmQ2gkBTPB3b4="
        },
        "chalk": {
          "version": "1.1.3",
          "resolved": "http://registry.npm.taobao.org/chalk/download/chalk-1.1.3.tgz",
          "integrity": "sha1-qBFcVeSnAv5NFQq9OHKCKn4J/Jg="
        },
        "supports-color": {
          "version": "2.0.0",
          "resolved": "http://registry.npm.taobao.org/supports-color/download/supports-color-2.0.0.tgz",
          "integrity": "sha1-U10EXOa2Nj+kARcIRimZXp3zJMc="
        }
      }
    },
    "fs.realpath": {
      "version": "1.0.0",
      "resolved": "http://registry.npm.taobao.org/fs.realpath/download/fs.realpath-1.0.0.tgz",
      "integrity": "sha1-FQStJSMVjKpA20onh8sBQRmU6k8=",
      "dev": true
    },
    "functional-red-black-tree": {
      "version": "1.0.1",
      "resolved": "https://registry.npmjs.org/functional-red-black-tree/-/functional-red-black-tree-1.0.1.tgz",
      "integrity": "sha1-GwqzvVU7Kg1jmdKcDj6gslIHgyc=",
      "dev": true
    },
    "html-webpack-plugin": {
      "version": "2.30.1",
      "resolved": "http://registry.npm.taobao.org/html-webpack-plugin/download/html-webpack-plugin-2.30.1.tgz",
      "integrity": "sha1-f5xCG36pHsRg9WUn1430hO51N9U=",
      "dev": true,
      "dependencies": {
        "bluebird": {
          "version": "3.5.0",
          "resolved": "http://registry.npm.taobao.org/bluebird/download/bluebird-3.5.0.tgz",
          "integrity": "sha1-eRQg1/VR7qKJdFOop3ZT+WYG1nw="
        },
        "loader-utils": {
          "version": "0.2.17",
          "resolved": "http://registry.npm.taobao.org/loader-utils/download/loader-utils-0.2.17.tgz",
          "integrity": "sha1-+G5jdNQyBabmxg6RlvF8Apm/s0g="
        }
      }
    },
    "http-proxy-middleware": {
      "version": "0.17.4",
      "resolved": "http://registry.npm.taobao.org/http-proxy-middleware/download/http-proxy-middleware-0.17.4.tgz",
      "integrity": "sha1-ZC6ISIUdZvCdTxJJEoRtuutBuDM=",
      "dev": true
    },
    "iconv-lite": {
      "version": "0.4.24",
      "resolved": "https://registry.npmjs.org/iconv-lite/-/iconv-lite-0.4.24.tgz",
      "integrity": "sha512-v3MXnZAcvnywkTUEZomIActle7RXXeedOR31wwl7VlyoXO4Qi9arvSenNQWne1TcRwhCL1HwLI21bEqdpj8/rA==",
      "dev": true,
      "requires": {
        "safer-buffer": ">= 2.1.2 < 3"
      }
    },
    "ignore": {
      "version": "3.3.3",
      "resolved": "http://registry.npm.taobao.org/ignore/download/ignore-3.3.3.tgz",
      "integrity": "sha1-QyNS5XrM2HqzEQ6C0/6g5HgSFW0=",
      "dev": true
    },
    "imurmurhash": {
      "version": "0.1.4",
      "resolved": "http://registry.npm.taobao.org/imurmurhash/download/imurmurhash-0.1.4.tgz",
      "integrity": "sha1-khi5srkoojixPcT7a21XbyMUU+o=",
      "dev": true
    },
    "inflight": {
      "version": "1.0.6",
      "resolved": "http://registry.npm.taobao.org/inflight/download/inflight-1.0.6.tgz",
      "integrity": "sha1-Sb1jMdfQLQwJvJEKEHW6gWW1bfk=",
      "dev": true
    },
    "inherits": {
      "version": "2.0.3",
      "resolved": "http://registry.npm.taobao.org/inherits/download/inherits-2.0.3.tgz",
      "integrity": "sha1-Yzwsg+PaQqUC9SRmAiSA9CCCYd4=",
      "dev": true
    },
    "is-promise": {
      "version": "2.1.0",
      "resolved": "https://registry.npmjs.org/is-promise/-/is-promise-2.1.0.tgz",
      "integrity": "sha1-eaKp7OfwlugPNtKy87wWwf9L8/o=",
      "dev": true
    },
    "is-resolvable": {
      "version": "1.0.0",
      "resolved": "http://registry.npm.taobao.org/is-resolvable/download/is-resolvable-1.0.0.tgz",
      "integrity": "sha1-jfV8YeouPFAUCNEA+wE8+NbgzGI=",
      "dev": true
    },
    "isexe": {
      "version": "2.0.0",
      "resolved": "https://registry.npmjs.org/isexe/-/isexe-2.0.0.tgz",
      "integrity": "sha1-6PvzdNxVb/iUehDcsFctYz8s+hA=",
      "dev": true
    },
    "json-schema-traverse": {
      "version": "0.3.1",
      "resolved": "http://registry.npm.taobao.org/json-schema-traverse/download/json-schema-traverse-0.3.1.tgz",
      "integrity": "sha1-NJptRMU6Ud6JtAgFxdXlm0F9M0A=",
      "dev": true
    },
    "json-stable-stringify-without-jsonify": {
      "version": "1.0.1",
      "resolved": "https://registry.npmjs.org/json-stable-stringify-without-jsonify/-/json-stable-stringify-without-jsonify-1.0.1.tgz",
      "integrity": "sha1-nbe1lJatPzz+8wp1FC0tkwrXJlE=",
      "dev": true
    },
    "levn": {
      "version": "0.3.0",
      "resolved": "http://registry.npm.taobao.org/levn/download/levn-0.3.0.tgz",
      "integrity": "sha1-OwmSTt+fCDwEkP3UwLxEIeBHZO4=",
      "dev": true
    },
    "lodash": {
      "version": "4.17.4",
      "resolved": "http://registry.npm.taobao.org/lodash/download/lodash-4.17.4.tgz",
      "integrity": "sha1-eCA6TRwyiuHYbcpkYONptX9AVa4=",
      "dev": true
    },
    "lru-cache": {
      "version": "4.1.1",
      "resolved": "http://registry.npm.taobao.org/lru-cache/download/lru-cache-4.1.1.tgz",
      "integrity": "sha1-Yi4y6CSItJJ5EUpPns9F581rulU=",
      "dev": true
    },
    "mimic-fn": {
      "version": "1.1.0",
      "resolved": "http://registry.npm.taobao.org/mimic-fn/download/mimic-fn-1.1.0.tgz",
      "integrity": "sha1-5md4PZLonb00KBi1IwudYqZyrRg=",
      "dev": true
    },
    "minimatch": {
      "version": "3.0.4",
      "resolved": "http://registry.npm.taobao.org/minimatch/download/minimatch-3.0.4.tgz",
      "integrity": "sha1-UWbihkV/AzBgZL5Ul+jbsMPTIIM=",
      "dev": true
    },
    "mint-ui": {
      "version": "2.2.9",
      "resolved": "https://registry.npmjs.org/mint-ui/-/mint-ui-2.2.9.tgz",
      "integrity": "sha512-Cmb6GRICB+QaEUrTbe5ktVuHcS4hT11e3Mc1v8ud1f1Mg/HAPaTp3SjXX0IDMuD/rU2q++7mWwUAedWf9MS+8Q=="
    },
    "mkdirp": {
      "version": "0.5.1",
      "resolved": "http://registry.npm.taobao.org/mkdirp/download/mkdirp-0.5.1.tgz",
      "integrity": "sha1-MAV0OOrGz3+MR2fzhkjWaX11yQM=",
      "dev": true
    },
    "natural-compare": {
      "version": "1.4.0",
      "resolved": "http://registry.npm.taobao.org/natural-compare/download/natural-compare-1.4.0.tgz",
      "integrity": "sha1-Sr6/7tdUHywnrPspvbvRXI1bpPc=",
      "dev": true
    },
    "once": {
      "version": "1.4.0",
      "resolved": "http://registry.npm.taobao.org/once/download/once-1.4.0.tgz",
      "integrity": "sha1-WDsap3WWHUsROsF9nFC6753Xa9E=",
      "dev": true
    },
    "opn": {
      "version": "5.1.0",
      "resolved": "http://registry.npm.taobao.org/opn/download/opn-5.1.0.tgz",
      "integrity": "sha1-cs4jBqF9vqWP8QQYUzUrSo/HdRk=",
      "dev": true
    },
    "optimize-css-assets-webpack-plugin": {
      "version": "2.0.0",
      "resolved": "http://registry.npm.taobao.org/optimize-css-assets-webpack-plugin/download/optimize-css-assets-webpack-plugin-2.0.0.tgz",
      "integrity": "sha1-UcrnEjDskaTBV2SXFeR0mODLRgs=",
      "dev": true,
      "dependencies": {
        "webpack-sources": {
          "version": "0.1.5",
          "resolved": "http://registry.npm.taobao.org/webpack-sources/download/webpack-sources-0.1.5.tgz",
          "integrity": "sha1-qh86vw8NdNtxEcQOUAuE+WZkB1A="
        }
      }
    },
    "optionator": {
      "version": "0.8.2",
      "resolved": "http://registry.npm.taobao.org/optionator/download/optionator-0.8.2.tgz",
      "integrity": "sha1-NkxeQJ0/TWMB1sC0wFu6UBgK62Q=",
      "dev": true
    },
    "ora": {
      "version": "1.3.0",
      "resolved": "http://registry.npm.taobao.org/ora/download/ora-1.3.0.tgz",
      "integrity": "sha1-gAeN0rkqk0r2ajrXKluRBpTt5Ro=",
      "dev": true,
      "dependencies": {
        "ansi-styles": {
          "version": "2.2.1",
          "resolved": "http://registry.npm.taobao.org/ansi-styles/download/ansi-styles-2.2.1.tgz",
          "integrity": "sha1-tDLdM1i2NM914eRmQ2gkBTPB3b4="
        },
        "chalk": {
          "version": "1.1.3",
          "resolved": "http://registry.npm.taobao.org/chalk/download/chalk-1.1.3.tgz",
          "integrity": "sha1-qBFcVeSnAv5NFQq9OHKCKn4J/Jg="
        },
        "cli-cursor": {
          "version": "2.1.0",
          "resolved": "http://registry.npm.taobao.org/cli-cursor/download/cli-cursor-2.1.0.tgz",
          "integrity": "sha1-s12sN2R5+sw+lHR9QdDQ9SOP/LU="
        },
        "onetime": {
          "version": "2.0.1",
          "resolved": "http://registry.npm.taobao.org/onetime/download/onetime-2.0.1.tgz",
          "integrity": "sha1-BnQoIw/WdEOyeUsiu6UotoZ5YtQ="
        },
        "restore-cursor": {
          "version": "2.0.0",
          "resolved": "http://registry.npm.taobao.org/restore-cursor/download/restore-cursor-2.0.0.tgz",
          "integrity": "sha1-n37ih/gv0ybU/RYpI9YhKe7g368="
        },
        "supports-color": {
          "version": "2.0.0",
          "resolved": "http://registry.npm.taobao.org/supports-color/download/supports-color-2.0.0.tgz",
          "integrity": "sha1-U10EXOa2Nj+kARcIRimZXp3zJMc="
        }
      }
    },
    "os-tmpdir": {
      "version": "1.0.2",
      "resolved": "http://registry.npm.taobao.org/os-tmpdir/download/os-tmpdir-1.0.2.tgz",
      "integrity": "sha1-u+Z0BseaqFxc/sdm/lc0VV36EnQ=",
      "dev": true
    },
    "path-is-absolute": {
      "version": "1.0.1",
      "resolved": "http://registry.npm.taobao.org/path-is-absolute/download/path-is-absolute-1.0.1.tgz",
      "integrity": "sha1-F0uSaHNVNP+8es5r9TpanhtcX18=",
      "dev": true
    },
    "path-is-inside": {
      "version": "1.0.2",
      "resolved": "http://registry.npm.taobao.org/path-is-inside/download/path-is-inside-1.0.2.tgz",
      "integrity": "sha1-NlQX3t5EQw0cEa9hAn+s8HS9/FM=",
      "dev": true
    },
    "require-uncached": {
      "version": "1.0.3",
      "resolved": "http://registry.npm.taobao.org/require-uncached/download/require-uncached-1.0.3.tgz",
      "integrity": "sha1-Tg1W1slmL9MeQwEcS5WqSZVUIdM=",
      "dev": true
    },
    "rimraf": {
      "version": "2.6.1",
      "resolved": "http://registry.npm.taobao.org/rimraf/download/rimraf-2.6.1.tgz",
      "integrity": "sha1-wjOOxkPfeht/5cVPqG9XQopV8z0=",
      "dev": true,
      "dependencies": {
        "glob": {
          "version": "7.1.2",
          "resolved": "http://registry.npm.taobao.org/glob/download/glob-7.1.2.tgz",
          "integrity": "sha1-wZyd+aAocC1nhhI4SmVSQExjbRU="
        }
      }
    },
    "rx-lite": {
      "version": "3.1.2",
      "resolved": "http://registry.npm.taobao.org/rx-lite/download/rx-lite-3.1.2.tgz",
      "integrity": "sha1-Gc5QLKVyZl87ZHsQk5+X/RYV8QI=",
      "dev": true
    },
    "rx-lite-aggregates": {
      "version": "4.0.8",
      "resolved": "https://registry.npmjs.org/rx-lite-aggregates/-/rx-lite-aggregates-4.0.8.tgz",
      "integrity": "sha1-dTuHqJoRyVRnxKwWJsTvxOBcZ74=",
      "dev": true,
      "requires": {
        "rx-lite": "*"
      }
    },
    "safer-buffer": {
      "version": "2.1.2",
      "resolved": "https://registry.npmjs.org/safer-buffer/-/safer-buffer-2.1.2.tgz",
      "integrity": "sha512-YZo3K82SD7Riyi0E1EQPojLz7kpepnSQI9IyPbHHg1XXXevb5dJI7tpyN2ADxGcQbHG7vcyRHk0cbwqcQriUtg==",
      "dev": true
    },
    "semver": {
      "version": "5.4.1",
      "resolved": "http://registry.npm.taobao.org/semver/download/semver-5.4.1.tgz",
      "integrity": "sha1-4FnAnYVx8FQII3M0M1BdOi8AsY4=",
      "dev": true
    },
    "shebang-command": {
      "version": "1.2.0",
      "resolved": "https://registry.npmjs.org/shebang-command/-/shebang-command-1.2.0.tgz",
      "integrity": "sha1-RKrGW2lbAzmJaMOfNj/uXer98eo=",
      "dev": true,
      "requires": {
        "shebang-regex": "^1.0.0"
      }
    },
    "shebang-regex": {
      "version": "1.0.0",
      "resolved": "https://registry.npmjs.org/shebang-regex/-/shebang-regex-1.0.0.tgz",
      "integrity": "sha1-2kL0l0DAtC2yypcoVxyxkMmO/qM=",
      "dev": true
    },
    "shelljs": {
      "version": "0.7.8",
      "resolved": "http://registry.npm.taobao.org/shelljs/download/shelljs-0.7.8.tgz",
      "integrity": "sha1-3svPh0sNHl+3LhSxZKloMEjprLM=",
      "dev": true,
      "dependencies": {
        "glob": {
          "version": "7.1.2",
          "resolved": "http://registry.npm.taobao.org/glob/download/glob-7.1.2.tgz",
          "integrity": "sha1-wZyd+aAocC1nhhI4SmVSQExjbRU="
        }
      }
    },
    "signal-exit": {
      "version": "3.0.2",
      "resolved": "http://registry.npm.taobao.org/signal-exit/download/signal-exit-3.0.2.tgz",
      "integrity": "sha1-tf3AjxKH6hF4Yo5BXiUTK3NkbG0=",
      "dev": true
    },
    "strip-json-comments": {
      "version": "2.0.1",
      "resolved": "http://registry.npm.taobao.org/strip-json-comments/download/strip-json-comments-2.0.1.tgz",
      "integrity": "sha1-PFMZQukIwml8DsNEhYwobHygpgo=",
      "dev": true
    },
    "text-table": {
      "version": "0.2.0",
      "resolved": "http://registry.npm.taobao.org/text-table/download/text-table-0.2.0.tgz",
      "integrity": "sha1-f17oI66AUgfACvLfSoTsP8+lcLQ=",
      "dev": true
    },
    "through": {
      "version": "2.3.8",
      "resolved": "http://registry.npm.taobao.org/through/download/through-2.3.8.tgz",
      "integrity": "sha1-DdTJ/6q8NXlgsbckEV1+Doai4fU=",
      "dev": true
    },
    "tmp": {
      "version": "0.0.33",
      "resolved": "https://registry.npmjs.org/tmp/-/tmp-0.0.33.tgz",
      "integrity": "sha512-jRCJlojKnZ3addtTOjdIqoRuPEKBvNXcGYqzO6zWZX8KfKEpnGY5jfggJQ3EjKuu8D4bJRr0y+cYJFmYbImXGw==",
      "dev": true,
      "requires": {
        "os-tmpdir": "~1.0.2"
      }
    },
    "url-loader": {
      "version": "0.5.9",
      "resolved": "http://registry.npm.taobao.org/url-loader/download/url-loader-0.5.9.tgz",
      "integrity": "sha1-zI/qgse5Bud3cBklCGnlaemVwpU=",
      "dev": true
    },
    "vconsole": {
      "version": "2.5.2",
      "resolved": "https://registry.npmjs.org/vconsole/-/vconsole-2.5.2.tgz",
      "integrity": "sha1-BwktmkWVUtiWBFU871EjCFU4SN8=",
      "dev": true
    },
    "vue": {
      "version": "2.4.2",
      "resolved": "http://registry.npm.taobao.org/vue/download/vue-2.4.2.tgz",
      "integrity": "sha1-qYVSYfGRyXjMDcEVBTG40IFJtYw="
    },
    "vue-lazyload": {
      "version": "1.0.6",
      "resolved": "https://registry.npmjs.org/vue-lazyload/-/vue-lazyload-1.0.6.tgz",
      "integrity": "sha1-fVSU/DXDX8hNzCcRZbgn4wm055M="
    },
    "vue-loader": {
      "version": "12.2.2",
      "resolved": "http://registry.npm.taobao.org/vue-loader/download/vue-loader-12.2.2.tgz",
      "integrity": "sha1-Kzp2TycBj5dbx4y4sfVRN1SO4tc=",
      "dev": true,
      "dependencies": {
        "ansi-styles": {
          "version": "2.2.1",
          "resolved": "http://registry.npm.taobao.org/ansi-styles/download/ansi-styles-2.2.1.tgz",
          "integrity": "sha1-tDLdM1i2NM914eRmQ2gkBTPB3b4="
        },
        "chalk": {
          "version": "1.1.3",
          "resolved": "http://registry.npm.taobao.org/chalk/download/chalk-1.1.3.tgz",
          "integrity": "sha1-qBFcVeSnAv5NFQq9OHKCKn4J/Jg=",
          "dependencies": {
            "supports-color": {
              "version": "2.0.0",
              "resolved": "http://registry.npm.taobao.org/supports-color/download/supports-color-2.0.0.tgz",
              "integrity": "sha1-U10EXOa2Nj+kARcIRimZXp3zJMc="
            }
          }
        },
        "has-flag": {
          "version": "1.0.0",
          "resolved": "http://registry.npm.taobao.org/has-flag/download/has-flag-1.0.0.tgz",
          "integrity": "sha1-nZ55MWXOAXoA8AQYxD+UKnsdEfo="
        },
        "postcss": {
          "version": "5.2.17",
          "resolved": "http://registry.npm.taobao.org/postcss/download/postcss-5.2.17.tgz",
          "integrity": "sha1-z09Ze4ZNZcikkrLqvp1wbIecOIs="
        },
        "supports-color": {
          "version": "3.2.3",
          "resolved": "http://registry.npm.taobao.org/supports-color/download/supports-color-3.2.3.tgz",
          "integrity": "sha1-ZawFBLOVQXHYpklGsq48u4pfVPY="
        }
      }
    },
    "vue-resource": {
      "version": "1.3.4",
      "resolved": "https://registry.npmjs.org/vue-resource/-/vue-resource-1.3.4.tgz",
      "integrity": "sha1-n8C99qL1yrQwEp/JnTR7PernsJk="
    },
    "vue-router": {
      "version": "2.7.0",
      "resolved": "http://registry.npm.taobao.org/vue-router/download/vue-router-2.7.0.tgz",
      "integrity": "sha1-FtQkSTqlHDyMzot8chDqTDqJr/E="
    },
    "vue-style-loader": {
      "version": "3.0.1",
      "resolved": "http://registry.npm.taobao.org/vue-style-loader/download/vue-style-loader-3.0.1.tgz",
      "integrity": "sha1-yLY5uy8kuvnXgnTcF+TyZMHe2gg=",
      "dev": true
    },
    "vue-template-compiler": {
      "version": "2.4.2",
      "resolved": "http://registry.npm.taobao.org/vue-template-compiler/download/vue-template-compiler-2.4.2.tgz",
      "integrity": "sha1-WkXYQ/FIsJj2wdHjWsIMSVbTCtE=",
      "dev": true
    },
    "vuex": {
      "version": "2.3.1",
      "resolved": "https://registry.npmjs.org/vuex/-/vuex-2.3.1.tgz",
      "integrity": "sha1-zejpl8H5lXcZvH3qFU+appHZgaY="
    },
    "webpack": {
      "version": "2.7.0",
      "resolved": "http://registry.npm.taobao.org/webpack/download/webpack-2.7.0.tgz",
      "integrity": "sha1-sqEiaAQ3P/09A+qca9UlBnA09rE=",
      "dev": true,
      "dependencies": {
        "has-flag": {
          "version": "1.0.0",
          "resolved": "http://registry.npm.taobao.org/has-flag/download/has-flag-1.0.0.tgz",
          "integrity": "sha1-nZ55MWXOAXoA8AQYxD+UKnsdEfo="
        },
        "loader-utils": {
          "version": "0.2.17",
          "resolved": "http://registry.npm.taobao.org/loader-utils/download/loader-utils-0.2.17.tgz",
          "integrity": "sha1-+G5jdNQyBabmxg6RlvF8Apm/s0g="
        },
        "supports-color": {
          "version": "3.2.3",
          "resolved": "http://registry.npm.taobao.org/supports-color/download/supports-color-3.2.3.tgz",
          "integrity": "sha1-ZawFBLOVQXHYpklGsq48u4pfVPY="
        },
        "uglify-js": {
          "version": "2.8.29",
          "resolved": "http://registry.npm.taobao.org/uglify-js/download/uglify-js-2.8.29.tgz",
          "integrity": "sha1-KcVzMUgFe7Th913zW3qcty5qWd0=",
          "dependencies": {
            "yargs": {
              "version": "3.10.0",
              "resolved": "http://registry.npm.taobao.org/yargs/download/yargs-3.10.0.tgz",
              "integrity": "sha1-9+572FfdfB0tOMDnTvvWgdFDH9E="
            }
          }
        }
      }
    },
    "webpack-bundle-analyzer": {
      "version": "2.9.0",
      "resolved": "http://registry.npm.taobao.org/webpack-bundle-analyzer/download/webpack-bundle-analyzer-2.9.0.tgz",
      "integrity": "sha1-tYvDTMMLJ//brz0AvyerpvopxuM=",
      "dev": true,
      "dependencies": {
        "ansi-styles": {
          "version": "2.2.1",
          "resolved": "http://registry.npm.taobao.org/ansi-styles/download/ansi-styles-2.2.1.tgz",
          "integrity": "sha1-tDLdM1i2NM914eRmQ2gkBTPB3b4="
        },
        "chalk": {
          "version": "1.1.3",
          "resolved": "http://registry.npm.taobao.org/chalk/download/chalk-1.1.3.tgz",
          "integrity": "sha1-qBFcVeSnAv5NFQq9OHKCKn4J/Jg="
        },
        "supports-color": {
          "version": "2.0.0",
          "resolved": "http://registry.npm.taobao.org/supports-color/download/supports-color-2.0.0.tgz",
          "integrity": "sha1-U10EXOa2Nj+kARcIRimZXp3zJMc="
        }
      }
    },
    "webpack-dev-middleware": {
      "version": "1.12.0",
      "resolved": "http://registry.npm.taobao.org/webpack-dev-middleware/download/webpack-dev-middleware-1.12.0.tgz",
      "integrity": "sha1-007++y7dp+HTtdvgcolRMhllFwk=",
      "dev": true
    },
    "webpack-hot-middleware": {
      "version": "2.18.2",
      "resolved": "http://registry.npm.taobao.org/webpack-hot-middleware/download/webpack-hot-middleware-2.18.2.tgz",
      "integrity": "sha1-hN7mQ/A3w9WcneFCVIQwNxqo07I=",
      "dev": true
    },
    "webpack-merge": {
      "version": "4.1.0",
      "resolved": "http://registry.npm.taobao.org/webpack-merge/download/webpack-merge-4.1.0.tgz",
      "integrity": "sha1-atciI7PguDflMeRZfBmfkJNhUR4=",
      "dev": true
    },
    "which": {
      "version": "1.3.1",
      "resolved": "https://registry.npmjs.org/which/-/which-1.3.1.tgz",
      "integrity": "sha512-HxJdYWq1MTIQbJ3nw0cqssHoTNU267KlrDuGZ1WYlxDStUtKUhOaJmh112/TZmHxxUfuJqPXSOm7tDyas0OSIQ==",
      "dev": true,
      "requires": {
        "isexe": "^2.0.0"
      }
    }
  }
}
